Microsoft Visual Studio Solution File, Format Version 12.00
# Visual Studio 14
VisualStudioVersion = 14.0.25420.1
MinimumVisualStudioVersion = 10.0.40219.1
Project("{F2A71F9B-5D33-465A-A702-920D77279786}") = "13 - Mandelbrot", "Examples\13 - Mandelbrot\13 - Mandelbrot.fsproj", "{9A3BD9B8-9942-40B5-BC90-F4D14FE766CB}"
EndProject
Project("{F2A71F9B-5D33-465A-A702-920D77279786}") = "12 - GlslIntrinsics", "Examples\12 - GlslIntrinsics\12 - GlslIntrinsics.fsproj", "{3E7A4330-FB2B-4899-9B44-6FECF67A629F}"
EndProject
Project("{F2A71F9B-5D33-465A-A702-920D77279786}") = "11 - ParallelPrimitives", "Examples\11 - ParallelPrimitives\11 - ParallelPrimitives.fsproj", "{02ED0B81-E99A-45DE-923A-862D66D318C0}"
EndProject
Project("{F2A71F9B-5D33-465A-A702-920D77279786}") = "10 - NBodyCompute", "Examples\10 - NBodyCompute\10 - NBodyCompute.fsproj", "{6EFF89F1-0DFE-4346-9473-31A0A233F943}"
EndProject
Project("{F2A71F9B-5D33-465A-A702-920D77279786}") = "09 - TesselatedSphere", "Examples\09 - TesselatedSphere\09 - TesselatedSphere.fsproj", "{B24882D0-E4FC-45A3-A5F0-DF6D2B0E01BA}"
EndProject
Project("{F2A71F9B-5D33-465A-A702-920D77279786}") = "08 - NaiveViewFrustumCulling", "Examples\08 - NaiveViewFrustumCulling\08 - NaiveViewFrustumCulling.fsproj", "{2DE51C61-A2DE-43F6-B047-F428E2608089}"
EndProject
Project("{F2A71F9B-5D33-465A-A702-920D77279786}") = "07 - RenderToTexture", "Examples\07 - RenderToTexture\07 - RenderToTexture.fsproj", "{0C75D556-1B56-42B7-B399-9E4C7BE0D83F}"
EndProject
Project("{F2A71F9B-5D33-465A-A702-920D77279786}") = "06 - GeometryPrimitives", "Examples\06 - GeometryPrimitives\06 - GeometryPrimitives.fsproj", "{CFFF9E2D-5C66-494F-AB20-DD5047DAD8B9}"
EndProject
Project("{F2A71F9B-5D33-465A-A702-920D77279786}") = "04 - ModelLoading", "Examples\04 - ModelLoading\04 - ModelLoading.fsproj", "{AE1BA94B-B2F3-4A74-9748-4576440E0337}"
EndProject
Project("{F2A71F9B-5D33-465A-A702-920D77279786}") = "03 - Animation", "Examples\03 - Animation\03 - Animation.fsproj", "{21A147AA-3100-439F-8E7A-5591F4995D17}"
EndProject
Project("{F2A71F9B-5D33-465A-A702-920D77279786}") = "Aardvark.Base.Rendering", "Aardvark.Base.Rendering\Aardvark.Base.Rendering.fsproj", "{F8233648-55CE-4795-9151-E512390D86E7}"
EndProject
Project("{F2A71F9B-5D33-465A-A702-920D77279786}") = "Aardvark.Rendering.GL", "Aardvark.Rendering.GL\Aardvark.Rendering.GL.fsproj", "{88B586F5-A5E2-4321-BD5D-27D296DA0FDD}"
EndProject
Project("{F2A71F9B-5D33-465A-A702-920D77279786}") = "Demo", "Demo\Demo\Demo.fsproj", "{3A6C4D14-AF36-4740-9D9C-CC3D8AD523D6}"
EndProject
Project("{F2A71F9B-5D33-465A-A702-920D77279786}") = "Aardvark.SceneGraph", "Aardvark.SceneGraph\Aardvark.SceneGraph.fsproj", "{B9EF48E4-7E73-4DDF-805A-D7324D907CB8}"
EndProject
Project("{2150E333-8FDC-42A3-9474-1A3956D46DE8}") = "Application", "Application", "{2993E291-DFD2-4AB6-9E3B-B7F66015C914}"
EndProject
Project("{F2A71F9B-5D33-465A-A702-920D77279786}") = "Aardvark.Application", "Application\Aardvark.Application\Aardvark.Application.fsproj", "{E3508B1C-592C-4E8E-98F3-71DBEC6083DA}"
EndProject
Project("{F2A71F9B-5D33-465A-A702-920D77279786}") = "Aardvark.Application.WinForms.GL", "Application\Aardvark.Application.WinForms.GL\Aardvark.Application.WinForms.GL.fsproj", "{4F645DE6-6D22-4BAD-8489-C1F8456E3D55}"
EndProject
Project("{F2A71F9B-5D33-465A-A702-920D77279786}") = "Aardvark.Application.WinForms", "Application\Aardvark.Application.WinForms\Aardvark.Application.WinForms.fsproj", "{B1D5938D-AB5D-4D0E-8DDE-482EF5308F16}"
EndProject
Project("{F2A71F9B-5D33-465A-A702-920D77279786}") = "Aardvark.Application.WPF", "Application\Aardvark.Application.WPF\Aardvark.Application.WPF.fsproj", "{D8ADA249-0CB6-4BDE-9AE7-DBBDB6C3812A}"
EndProject
Project("{F2A71F9B-5D33-465A-A702-920D77279786}") = "Aardvark.Application.WPF.GL", "Application\Aardvark.Application.WPF.GL\Aardvark.Application.WPF.GL.fsproj", "{993CF671-5810-44D9-85D8-A35F5EE16F8F}"
EndProject
Project("{F2A71F9B-5D33-465A-A702-920D77279786}") = "OSM", "Demo\OSM\OSM.fsproj", "{BA817F29-8F5B-4E2F-BFB0-E52206B6244B}"
EndProject
Project("{F2A71F9B-5D33-465A-A702-920D77279786}") = "FontRendering", "Demo\FontRendering\FontRendering.fsproj", "{63DCF027-1892-44B9-AF14-1FFF8005617C}"
EndProject
Project("{F2A71F9B-5D33-465A-A702-920D77279786}") = "Aardvark.Rendering.NanoVg", "Aardvark.Rendering.NanoVg\Aardvark.Rendering.NanoVg.fsproj", "{054DF582-D549-4DA0-B74B-762AB2585D3F}"
EndProject
Project("{F2A71F9B-5D33-465A-A702-920D77279786}") = "AsyncLoading", "Demo\AsyncLoading\AsyncLoading.fsproj", "{275853BC-F5A5-485D-8F15-CBAB95735399}"
EndProject
Project("{2150E333-8FDC-42A3-9474-1A3956D46DE8}") = "Demo", "Demo", "{C664AC25-597F-470A-854B-045CD7E59CE2}"
EndProject
Project("{2150E333-8FDC-42A3-9474-1A3956D46DE8}") = "Tests", "Tests", "{80F74456-D82F-4D38-83FE-362EFD0C2FCB}"
EndProject
Project("{F2A71F9B-5D33-465A-A702-920D77279786}") = "Aardvark.Rendering.GL.Tests", "Tests\Aardvark.Rendering.GL.Tests\Aardvark.Rendering.GL.Tests.fsproj", "{EBC7AF0C-DFDC-49C0-9939-630EEAB06C73}"
EndProject
Project("{F2A71F9B-5D33-465A-A702-920D77279786}") = "Examples", "Demo\Examples\Examples.fsproj", "{6C943F93-9A9A-4A57-9A75-A235A3443C22}"
EndProject
Project("{F2A71F9B-5D33-465A-A702-920D77279786}") = "Aardvark.Rendering.Interactive", "Aardvark.Rendering.Interactive\Aardvark.Rendering.Interactive.fsproj", "{79D48400-F885-461A-B747-E3675A7EF2EF}"
EndProject
Project("{F2A71F9B-5D33-465A-A702-920D77279786}") = "Aardvark.Rendering.Text", "Aardvark.Rendering.Text\Aardvark.Rendering.Text.fsproj", "{FB0C63A7-519A-4FCC-9A4B-841AEE5B8C97}"
EndProject
Project("{2150E333-8FDC-42A3-9474-1A3956D46DE8}") = "Dependencies", "Dependencies", "{B5AD6854-A8DC-475D-8B09-242DDB5D79BC}"
	ProjectSection(SolutionItems) = preProject
		..\paket.dependencies = ..\paket.dependencies
	EndProjectSection
EndProject
Project("{F2A71F9B-5D33-465A-A702-920D77279786}") = "Aardvark.SceneGraph.IO", "Aardvark.SceneGraph.IO\Aardvark.SceneGraph.IO.fsproj", "{D7B02E89-DC77-462D-A3D4-A28DAA403AAF}"
EndProject
Project("{F2A71F9B-5D33-465A-A702-920D77279786}") = "Scratch", "Demo\Scratch\Scratch.fsproj", "{346185F9-AB7F-4973-8B80-24CEB113E4B5}"
EndProject
Project("{F2A71F9B-5D33-465A-A702-920D77279786}") = "Aardvark.Rendering.Vulkan", "Aardvark.Rendering.Vulkan\Aardvark.Rendering.Vulkan.fsproj", "{8BBC1EF6-9C85-4BAF-A732-FC46DCA64EC3}"
EndProject
Project("{F2A71F9B-5D33-465A-A702-920D77279786}") = "Aardvark.Application.WinForms.Vulkan", "Application\Aardvark.Application.WinForms.Vulkan\Aardvark.Application.WinForms.Vulkan.fsproj", "{99DD80B4-B1B8-4042-BEEA-B3A7FD617242}"
EndProject
Project("{F2A71F9B-5D33-465A-A702-920D77279786}") = "Aardvark.Application.OpenVR", "Application\Aardvark.Application.OpenVR\Aardvark.Application.OpenVR.fsproj", "{7AAAC578-443F-4120-BA74-3732CCE920E8}"
EndProject
Project("{F2A71F9B-5D33-465A-A702-920D77279786}") = "Aardvark.Application.OpenVR.Vulkan", "Application\Aardvark.Application.OpenVR.Vulkan\Aardvark.Application.OpenVR.Vulkan.fsproj", "{FB047D5E-D49A-462E-BAA0-B058CE06CFC9}"
EndProject
Project("{F2A71F9B-5D33-465A-A702-920D77279786}") = "Aardvark.GPGPU", "Aardvark.GPGPU\Aardvark.GPGPU.fsproj", "{68E3B876-EB23-4D61-A71F-EF35A146F276}"
EndProject
Project("{2150E333-8FDC-42A3-9474-1A3956D46DE8}") = "Examples", "Examples", "{5E3312C4-1B3C-4D41-964C-C3A3E01DA966}"
	ProjectSection(SolutionItems) = preProject
		Examples\new.fsx = Examples\new.fsx
	EndProjectSection
EndProject
Project("{F2A71F9B-5D33-465A-A702-920D77279786}") = "01 - Triangle", "Examples\01 - Triangle\01 - Triangle.fsproj", "{586B6699-E349-4173-BB3F-6DA125EFFFDA}"
EndProject
Project("{F2A71F9B-5D33-465A-A702-920D77279786}") = "Aardvark.Application.Utilities", "Application\Aardvark.Application.Utilities\Aardvark.Application.Utilities.fsproj", "{3322678A-22DA-4C84-B2BF-33B0D2F8C80C}"
EndProject
Project("{F2A71F9B-5D33-465A-A702-920D77279786}") = "02 - TexturedCube", "Examples\02 - TexturedCube\02 - TexturedCube.fsproj", "{BDFCAB13-3D52-4373-94ED-9E2F493EB89E}"
EndProject
Project("{F2A71F9B-5D33-465A-A702-920D77279786}") = "00 - HelloWorld", "Examples\00 - HelloWorld\00 - HelloWorld.fsproj", "{CDDB9BC3-C264-4C51-BD40-4B98E50F0297}"
EndProject
Global
	GlobalSection(SolutionConfigurationPlatforms) = preSolution
		Debug|Any CPU = Debug|Any CPU
		Release|Any CPU = Release|Any CPU
	EndGlobalSection
	GlobalSection(ProjectConfigurationPlatforms) = postSolution
		{9A3BD9B8-9942-40B5-BC90-F4D14FE766CB}.Debug|Any CPU.ActiveCfg = Debug|Any CPU
		{9A3BD9B8-9942-40B5-BC90-F4D14FE766CB}.Debug|Any CPU.Build.0 = Debug|Any CPU
		{9A3BD9B8-9942-40B5-BC90-F4D14FE766CB}.Release|Any CPU.ActiveCfg = Release|Any CPU
		{9A3BD9B8-9942-40B5-BC90-F4D14FE766CB}.Release|Any CPU.Build.0 = Release|Any CPU
		{3E7A4330-FB2B-4899-9B44-6FECF67A629F}.Debug|Any CPU.ActiveCfg = Debug|Any CPU
		{3E7A4330-FB2B-4899-9B44-6FECF67A629F}.Debug|Any CPU.Build.0 = Debug|Any CPU
		{3E7A4330-FB2B-4899-9B44-6FECF67A629F}.Release|Any CPU.ActiveCfg = Release|Any CPU
		{3E7A4330-FB2B-4899-9B44-6FECF67A629F}.Release|Any CPU.Build.0 = Release|Any CPU
		{02ED0B81-E99A-45DE-923A-862D66D318C0}.Debug|Any CPU.ActiveCfg = Debug|Any CPU
		{02ED0B81-E99A-45DE-923A-862D66D318C0}.Debug|Any CPU.Build.0 = Debug|Any CPU
		{02ED0B81-E99A-45DE-923A-862D66D318C0}.Release|Any CPU.ActiveCfg = Release|Any CPU
		{02ED0B81-E99A-45DE-923A-862D66D318C0}.Release|Any CPU.Build.0 = Release|Any CPU
		{6EFF89F1-0DFE-4346-9473-31A0A233F943}.Debug|Any CPU.ActiveCfg = Debug|Any CPU
		{6EFF89F1-0DFE-4346-9473-31A0A233F943}.Debug|Any CPU.Build.0 = Debug|Any CPU
		{6EFF89F1-0DFE-4346-9473-31A0A233F943}.Release|Any CPU.ActiveCfg = Release|Any CPU
		{6EFF89F1-0DFE-4346-9473-31A0A233F943}.Release|Any CPU.Build.0 = Release|Any CPU
		{B24882D0-E4FC-45A3-A5F0-DF6D2B0E01BA}.Debug|Any CPU.ActiveCfg = Debug|Any CPU
		{B24882D0-E4FC-45A3-A5F0-DF6D2B0E01BA}.Debug|Any CPU.Build.0 = Debug|Any CPU
		{B24882D0-E4FC-45A3-A5F0-DF6D2B0E01BA}.Release|Any CPU.ActiveCfg = Release|Any CPU
		{B24882D0-E4FC-45A3-A5F0-DF6D2B0E01BA}.Release|Any CPU.Build.0 = Release|Any CPU
		{2DE51C61-A2DE-43F6-B047-F428E2608089}.Debug|Any CPU.ActiveCfg = Debug|Any CPU
		{2DE51C61-A2DE-43F6-B047-F428E2608089}.Debug|Any CPU.Build.0 = Debug|Any CPU
		{2DE51C61-A2DE-43F6-B047-F428E2608089}.Release|Any CPU.ActiveCfg = Release|Any CPU
		{2DE51C61-A2DE-43F6-B047-F428E2608089}.Release|Any CPU.Build.0 = Release|Any CPU
		{0C75D556-1B56-42B7-B399-9E4C7BE0D83F}.Debug|Any CPU.ActiveCfg = Debug|Any CPU
		{0C75D556-1B56-42B7-B399-9E4C7BE0D83F}.Debug|Any CPU.Build.0 = Debug|Any CPU
		{0C75D556-1B56-42B7-B399-9E4C7BE0D83F}.Release|Any CPU.ActiveCfg = Release|Any CPU
		{0C75D556-1B56-42B7-B399-9E4C7BE0D83F}.Release|Any CPU.Build.0 = Release|Any CPU
		{CFFF9E2D-5C66-494F-AB20-DD5047DAD8B9}.Debug|Any CPU.ActiveCfg = Debug|Any CPU
		{CFFF9E2D-5C66-494F-AB20-DD5047DAD8B9}.Debug|Any CPU.Build.0 = Debug|Any CPU
		{CFFF9E2D-5C66-494F-AB20-DD5047DAD8B9}.Release|Any CPU.ActiveCfg = Release|Any CPU
		{CFFF9E2D-5C66-494F-AB20-DD5047DAD8B9}.Release|Any CPU.Build.0 = Release|Any CPU
		{AE1BA94B-B2F3-4A74-9748-4576440E0337}.Debug|Any CPU.ActiveCfg = Debug|Any CPU
		{AE1BA94B-B2F3-4A74-9748-4576440E0337}.Debug|Any CPU.Build.0 = Debug|Any CPU
		{AE1BA94B-B2F3-4A74-9748-4576440E0337}.Release|Any CPU.ActiveCfg = Release|Any CPU
		{AE1BA94B-B2F3-4A74-9748-4576440E0337}.Release|Any CPU.Build.0 = Release|Any CPU
		{21A147AA-3100-439F-8E7A-5591F4995D17}.Debug|Any CPU.ActiveCfg = Debug|Any CPU
		{21A147AA-3100-439F-8E7A-5591F4995D17}.Debug|Any CPU.Build.0 = Debug|Any CPU
		{21A147AA-3100-439F-8E7A-5591F4995D17}.Release|Any CPU.ActiveCfg = Release|Any CPU
		{21A147AA-3100-439F-8E7A-5591F4995D17}.Release|Any CPU.Build.0 = Release|Any CPU
		{F8233648-55CE-4795-9151-E512390D86E7}.Debug|Any CPU.ActiveCfg = Debug|Any CPU
		{F8233648-55CE-4795-9151-E512390D86E7}.Debug|Any CPU.Build.0 = Debug|Any CPU
		{F8233648-55CE-4795-9151-E512390D86E7}.Release|Any CPU.ActiveCfg = Release|Any CPU
		{F8233648-55CE-4795-9151-E512390D86E7}.Release|Any CPU.Build.0 = Release|Any CPU
		{88B586F5-A5E2-4321-BD5D-27D296DA0FDD}.Debug|Any CPU.ActiveCfg = Debug|Any CPU
		{88B586F5-A5E2-4321-BD5D-27D296DA0FDD}.Debug|Any CPU.Build.0 = Debug|Any CPU
		{88B586F5-A5E2-4321-BD5D-27D296DA0FDD}.Release|Any CPU.ActiveCfg = Release|Any CPU
		{88B586F5-A5E2-4321-BD5D-27D296DA0FDD}.Release|Any CPU.Build.0 = Release|Any CPU
		{3A6C4D14-AF36-4740-9D9C-CC3D8AD523D6}.Debug|Any CPU.ActiveCfg = Debug|Any CPU
		{3A6C4D14-AF36-4740-9D9C-CC3D8AD523D6}.Debug|Any CPU.Build.0 = Debug|Any CPU
		{3A6C4D14-AF36-4740-9D9C-CC3D8AD523D6}.Release|Any CPU.ActiveCfg = Release|Any CPU
		{3A6C4D14-AF36-4740-9D9C-CC3D8AD523D6}.Release|Any CPU.Build.0 = Release|Any CPU
		{B9EF48E4-7E73-4DDF-805A-D7324D907CB8}.Debug|Any CPU.ActiveCfg = Debug|Any CPU
		{B9EF48E4-7E73-4DDF-805A-D7324D907CB8}.Debug|Any CPU.Build.0 = Debug|Any CPU
		{B9EF48E4-7E73-4DDF-805A-D7324D907CB8}.Release|Any CPU.ActiveCfg = Release|Any CPU
		{B9EF48E4-7E73-4DDF-805A-D7324D907CB8}.Release|Any CPU.Build.0 = Release|Any CPU
		{E3508B1C-592C-4E8E-98F3-71DBEC6083DA}.Debug|Any CPU.ActiveCfg = Debug|Any CPU
		{E3508B1C-592C-4E8E-98F3-71DBEC6083DA}.Debug|Any CPU.Build.0 = Debug|Any CPU
		{E3508B1C-592C-4E8E-98F3-71DBEC6083DA}.Release|Any CPU.ActiveCfg = Release|Any CPU
		{E3508B1C-592C-4E8E-98F3-71DBEC6083DA}.Release|Any CPU.Build.0 = Release|Any CPU
		{4F645DE6-6D22-4BAD-8489-C1F8456E3D55}.Debug|Any CPU.ActiveCfg = Debug|Any CPU
		{4F645DE6-6D22-4BAD-8489-C1F8456E3D55}.Debug|Any CPU.Build.0 = Debug|Any CPU
		{4F645DE6-6D22-4BAD-8489-C1F8456E3D55}.Release|Any CPU.ActiveCfg = Release|Any CPU
		{4F645DE6-6D22-4BAD-8489-C1F8456E3D55}.Release|Any CPU.Build.0 = Release|Any CPU
		{B1D5938D-AB5D-4D0E-8DDE-482EF5308F16}.Debug|Any CPU.ActiveCfg = Debug|Any CPU
		{B1D5938D-AB5D-4D0E-8DDE-482EF5308F16}.Debug|Any CPU.Build.0 = Debug|Any CPU
		{B1D5938D-AB5D-4D0E-8DDE-482EF5308F16}.Release|Any CPU.ActiveCfg = Release|Any CPU
		{B1D5938D-AB5D-4D0E-8DDE-482EF5308F16}.Release|Any CPU.Build.0 = Release|Any CPU
		{D8ADA249-0CB6-4BDE-9AE7-DBBDB6C3812A}.Debug|Any CPU.ActiveCfg = Debug|Any CPU
		{D8ADA249-0CB6-4BDE-9AE7-DBBDB6C3812A}.Debug|Any CPU.Build.0 = Debug|Any CPU
		{D8ADA249-0CB6-4BDE-9AE7-DBBDB6C3812A}.Release|Any CPU.ActiveCfg = Release|Any CPU
		{D8ADA249-0CB6-4BDE-9AE7-DBBDB6C3812A}.Release|Any CPU.Build.0 = Release|Any CPU
		{993CF671-5810-44D9-85D8-A35F5EE16F8F}.Debug|Any CPU.ActiveCfg = Debug|Any CPU
		{993CF671-5810-44D9-85D8-A35F5EE16F8F}.Debug|Any CPU.Build.0 = Debug|Any CPU
		{993CF671-5810-44D9-85D8-A35F5EE16F8F}.Release|Any CPU.ActiveCfg = Release|Any CPU
		{993CF671-5810-44D9-85D8-A35F5EE16F8F}.Release|Any CPU.Build.0 = Release|Any CPU
		{BA817F29-8F5B-4E2F-BFB0-E52206B6244B}.Debug|Any CPU.ActiveCfg = Debug|Any CPU
		{BA817F29-8F5B-4E2F-BFB0-E52206B6244B}.Debug|Any CPU.Build.0 = Debug|Any CPU
		{BA817F29-8F5B-4E2F-BFB0-E52206B6244B}.Release|Any CPU.ActiveCfg = Release|Any CPU
		{BA817F29-8F5B-4E2F-BFB0-E52206B6244B}.Release|Any CPU.Build.0 = Release|Any CPU
		{63DCF027-1892-44B9-AF14-1FFF8005617C}.Debug|Any CPU.ActiveCfg = Debug|Any CPU
		{63DCF027-1892-44B9-AF14-1FFF8005617C}.Debug|Any CPU.Build.0 = Debug|Any CPU
		{63DCF027-1892-44B9-AF14-1FFF8005617C}.Release|Any CPU.ActiveCfg = Release|Any CPU
		{63DCF027-1892-44B9-AF14-1FFF8005617C}.Release|Any CPU.Build.0 = Release|Any CPU
		{054DF582-D549-4DA0-B74B-762AB2585D3F}.Debug|Any CPU.ActiveCfg = Debug|Any CPU
		{054DF582-D549-4DA0-B74B-762AB2585D3F}.Debug|Any CPU.Build.0 = Debug|Any CPU
		{054DF582-D549-4DA0-B74B-762AB2585D3F}.Release|Any CPU.ActiveCfg = Release|Any CPU
		{054DF582-D549-4DA0-B74B-762AB2585D3F}.Release|Any CPU.Build.0 = Release|Any CPU
		{275853BC-F5A5-485D-8F15-CBAB95735399}.Debug|Any CPU.ActiveCfg = Debug|Any CPU
		{275853BC-F5A5-485D-8F15-CBAB95735399}.Debug|Any CPU.Build.0 = Debug|Any CPU
		{275853BC-F5A5-485D-8F15-CBAB95735399}.Release|Any CPU.ActiveCfg = Release|Any CPU
		{275853BC-F5A5-485D-8F15-CBAB95735399}.Release|Any CPU.Build.0 = Release|Any CPU
		{EBC7AF0C-DFDC-49C0-9939-630EEAB06C73}.Debug|Any CPU.ActiveCfg = Debug|Any CPU
		{EBC7AF0C-DFDC-49C0-9939-630EEAB06C73}.Debug|Any CPU.Build.0 = Debug|Any CPU
		{EBC7AF0C-DFDC-49C0-9939-630EEAB06C73}.Release|Any CPU.ActiveCfg = Release|Any CPU
		{EBC7AF0C-DFDC-49C0-9939-630EEAB06C73}.Release|Any CPU.Build.0 = Release|Any CPU
		{6C943F93-9A9A-4A57-9A75-A235A3443C22}.Debug|Any CPU.ActiveCfg = Debug|Any CPU
		{6C943F93-9A9A-4A57-9A75-A235A3443C22}.Debug|Any CPU.Build.0 = Debug|Any CPU
		{6C943F93-9A9A-4A57-9A75-A235A3443C22}.Release|Any CPU.ActiveCfg = Release|Any CPU
		{6C943F93-9A9A-4A57-9A75-A235A3443C22}.Release|Any CPU.Build.0 = Release|Any CPU
		{79D48400-F885-461A-B747-E3675A7EF2EF}.Debug|Any CPU.ActiveCfg = Debug|Any CPU
		{79D48400-F885-461A-B747-E3675A7EF2EF}.Debug|Any CPU.Build.0 = Debug|Any CPU
		{79D48400-F885-461A-B747-E3675A7EF2EF}.Release|Any CPU.ActiveCfg = Release|Any CPU
		{79D48400-F885-461A-B747-E3675A7EF2EF}.Release|Any CPU.Build.0 = Release|Any CPU
		{FB0C63A7-519A-4FCC-9A4B-841AEE5B8C97}.Debug|Any CPU.ActiveCfg = Debug|Any CPU
		{FB0C63A7-519A-4FCC-9A4B-841AEE5B8C97}.Debug|Any CPU.Build.0 = Debug|Any CPU
		{FB0C63A7-519A-4FCC-9A4B-841AEE5B8C97}.Release|Any CPU.ActiveCfg = Release|Any CPU
		{FB0C63A7-519A-4FCC-9A4B-841AEE5B8C97}.Release|Any CPU.Build.0 = Release|Any CPU
		{D7B02E89-DC77-462D-A3D4-A28DAA403AAF}.Debug|Any CPU.ActiveCfg = Debug|Any CPU
		{D7B02E89-DC77-462D-A3D4-A28DAA403AAF}.Debug|Any CPU.Build.0 = Debug|Any CPU
		{D7B02E89-DC77-462D-A3D4-A28DAA403AAF}.Release|Any CPU.ActiveCfg = Release|Any CPU
		{D7B02E89-DC77-462D-A3D4-A28DAA403AAF}.Release|Any CPU.Build.0 = Release|Any CPU
		{346185F9-AB7F-4973-8B80-24CEB113E4B5}.Debug|Any CPU.ActiveCfg = Debug|Any CPU
		{346185F9-AB7F-4973-8B80-24CEB113E4B5}.Debug|Any CPU.Build.0 = Debug|Any CPU
		{346185F9-AB7F-4973-8B80-24CEB113E4B5}.Release|Any CPU.ActiveCfg = Release|Any CPU
		{346185F9-AB7F-4973-8B80-24CEB113E4B5}.Release|Any CPU.Build.0 = Release|Any CPU
		{8BBC1EF6-9C85-4BAF-A732-FC46DCA64EC3}.Debug|Any CPU.ActiveCfg = Debug|Any CPU
		{8BBC1EF6-9C85-4BAF-A732-FC46DCA64EC3}.Debug|Any CPU.Build.0 = Debug|Any CPU
		{8BBC1EF6-9C85-4BAF-A732-FC46DCA64EC3}.Release|Any CPU.ActiveCfg = Release|Any CPU
		{8BBC1EF6-9C85-4BAF-A732-FC46DCA64EC3}.Release|Any CPU.Build.0 = Release|Any CPU
		{99DD80B4-B1B8-4042-BEEA-B3A7FD617242}.Debug|Any CPU.ActiveCfg = Debug|Any CPU
		{99DD80B4-B1B8-4042-BEEA-B3A7FD617242}.Debug|Any CPU.Build.0 = Debug|Any CPU
		{99DD80B4-B1B8-4042-BEEA-B3A7FD617242}.Release|Any CPU.ActiveCfg = Release|Any CPU
		{99DD80B4-B1B8-4042-BEEA-B3A7FD617242}.Release|Any CPU.Build.0 = Release|Any CPU
		{7AAAC578-443F-4120-BA74-3732CCE920E8}.Debug|Any CPU.ActiveCfg = Debug|Any CPU
		{7AAAC578-443F-4120-BA74-3732CCE920E8}.Debug|Any CPU.Build.0 = Debug|Any CPU
		{7AAAC578-443F-4120-BA74-3732CCE920E8}.Release|Any CPU.ActiveCfg = Release|Any CPU
		{7AAAC578-443F-4120-BA74-3732CCE920E8}.Release|Any CPU.Build.0 = Release|Any CPU
		{FB047D5E-D49A-462E-BAA0-B058CE06CFC9}.Debug|Any CPU.ActiveCfg = Debug|Any CPU
		{FB047D5E-D49A-462E-BAA0-B058CE06CFC9}.Debug|Any CPU.Build.0 = Debug|Any CPU
		{FB047D5E-D49A-462E-BAA0-B058CE06CFC9}.Release|Any CPU.ActiveCfg = Release|Any CPU
		{FB047D5E-D49A-462E-BAA0-B058CE06CFC9}.Release|Any CPU.Build.0 = Release|Any CPU
		{68E3B876-EB23-4D61-A71F-EF35A146F276}.Debug|Any CPU.ActiveCfg = Debug|Any CPU
		{68E3B876-EB23-4D61-A71F-EF35A146F276}.Debug|Any CPU.Build.0 = Debug|Any CPU
		{68E3B876-EB23-4D61-A71F-EF35A146F276}.Release|Any CPU.ActiveCfg = Release|Any CPU
		{68E3B876-EB23-4D61-A71F-EF35A146F276}.Release|Any CPU.Build.0 = Release|Any CPU
		{586B6699-E349-4173-BB3F-6DA125EFFFDA}.Debug|Any CPU.ActiveCfg = Debug|Any CPU
		{586B6699-E349-4173-BB3F-6DA125EFFFDA}.Debug|Any CPU.Build.0 = Debug|Any CPU
		{586B6699-E349-4173-BB3F-6DA125EFFFDA}.Release|Any CPU.ActiveCfg = Release|Any CPU
		{586B6699-E349-4173-BB3F-6DA125EFFFDA}.Release|Any CPU.Build.0 = Release|Any CPU
		{3322678A-22DA-4C84-B2BF-33B0D2F8C80C}.Debug|Any CPU.ActiveCfg = Debug|Any CPU
		{3322678A-22DA-4C84-B2BF-33B0D2F8C80C}.Debug|Any CPU.Build.0 = Debug|Any CPU
		{3322678A-22DA-4C84-B2BF-33B0D2F8C80C}.Release|Any CPU.ActiveCfg = Release|Any CPU
		{3322678A-22DA-4C84-B2BF-33B0D2F8C80C}.Release|Any CPU.Build.0 = Release|Any CPU
		{BDFCAB13-3D52-4373-94ED-9E2F493EB89E}.Debug|Any CPU.ActiveCfg = Debug|Any CPU
		{BDFCAB13-3D52-4373-94ED-9E2F493EB89E}.Debug|Any CPU.Build.0 = Debug|Any CPU
		{BDFCAB13-3D52-4373-94ED-9E2F493EB89E}.Release|Any CPU.ActiveCfg = Release|Any CPU
		{BDFCAB13-3D52-4373-94ED-9E2F493EB89E}.Release|Any CPU.Build.0 = Release|Any CPU
		{CDDB9BC3-C264-4C51-BD40-4B98E50F0297}.Debug|Any CPU.ActiveCfg = Debug|Any CPU
		{CDDB9BC3-C264-4C51-BD40-4B98E50F0297}.Debug|Any CPU.Build.0 = Debug|Any CPU
		{CDDB9BC3-C264-4C51-BD40-4B98E50F0297}.Release|Any CPU.ActiveCfg = Release|Any CPU
		{CDDB9BC3-C264-4C51-BD40-4B98E50F0297}.Release|Any CPU.Build.0 = Release|Any CPU
	EndGlobalSection
	GlobalSection(SolutionProperties) = preSolution
		HideSolutionNode = FALSE
	EndGlobalSection
	GlobalSection(NestedProjects) = preSolution
		{9A3BD9B8-9942-40B5-BC90-F4D14FE766CB} = {5E3312C4-1B3C-4D41-964C-C3A3E01DA966}
		{3E7A4330-FB2B-4899-9B44-6FECF67A629F} = {5E3312C4-1B3C-4D41-964C-C3A3E01DA966}
		{02ED0B81-E99A-45DE-923A-862D66D318C0} = {5E3312C4-1B3C-4D41-964C-C3A3E01DA966}
		{6EFF89F1-0DFE-4346-9473-31A0A233F943} = {5E3312C4-1B3C-4D41-964C-C3A3E01DA966}
		{B24882D0-E4FC-45A3-A5F0-DF6D2B0E01BA} = {5E3312C4-1B3C-4D41-964C-C3A3E01DA966}
		{2DE51C61-A2DE-43F6-B047-F428E2608089} = {5E3312C4-1B3C-4D41-964C-C3A3E01DA966}
		{0C75D556-1B56-42B7-B399-9E4C7BE0D83F} = {5E3312C4-1B3C-4D41-964C-C3A3E01DA966}
		{CFFF9E2D-5C66-494F-AB20-DD5047DAD8B9} = {5E3312C4-1B3C-4D41-964C-C3A3E01DA966}
		{AE1BA94B-B2F3-4A74-9748-4576440E0337} = {5E3312C4-1B3C-4D41-964C-C3A3E01DA966}
		{21A147AA-3100-439F-8E7A-5591F4995D17} = {5E3312C4-1B3C-4D41-964C-C3A3E01DA966}
		{3A6C4D14-AF36-4740-9D9C-CC3D8AD523D6} = {C664AC25-597F-470A-854B-045CD7E59CE2}
		{E3508B1C-592C-4E8E-98F3-71DBEC6083DA} = {2993E291-DFD2-4AB6-9E3B-B7F66015C914}
		{4F645DE6-6D22-4BAD-8489-C1F8456E3D55} = {2993E291-DFD2-4AB6-9E3B-B7F66015C914}
		{B1D5938D-AB5D-4D0E-8DDE-482EF5308F16} = {2993E291-DFD2-4AB6-9E3B-B7F66015C914}
		{D8ADA249-0CB6-4BDE-9AE7-DBBDB6C3812A} = {2993E291-DFD2-4AB6-9E3B-B7F66015C914}
		{993CF671-5810-44D9-85D8-A35F5EE16F8F} = {2993E291-DFD2-4AB6-9E3B-B7F66015C914}
		{BA817F29-8F5B-4E2F-BFB0-E52206B6244B} = {C664AC25-597F-470A-854B-045CD7E59CE2}
		{63DCF027-1892-44B9-AF14-1FFF8005617C} = {C664AC25-597F-470A-854B-045CD7E59CE2}
		{275853BC-F5A5-485D-8F15-CBAB95735399} = {C664AC25-597F-470A-854B-045CD7E59CE2}
		{EBC7AF0C-DFDC-49C0-9939-630EEAB06C73} = {80F74456-D82F-4D38-83FE-362EFD0C2FCB}
		{6C943F93-9A9A-4A57-9A75-A235A3443C22} = {C664AC25-597F-470A-854B-045CD7E59CE2}
		{79D48400-F885-461A-B747-E3675A7EF2EF} = {C664AC25-597F-470A-854B-045CD7E59CE2}
		{346185F9-AB7F-4973-8B80-24CEB113E4B5} = {C664AC25-597F-470A-854B-045CD7E59CE2}
		{99DD80B4-B1B8-4042-BEEA-B3A7FD617242} = {2993E291-DFD2-4AB6-9E3B-B7F66015C914}
		{7AAAC578-443F-4120-BA74-3732CCE920E8} = {2993E291-DFD2-4AB6-9E3B-B7F66015C914}
		{FB047D5E-D49A-462E-BAA0-B058CE06CFC9} = {2993E291-DFD2-4AB6-9E3B-B7F66015C914}
		{586B6699-E349-4173-BB3F-6DA125EFFFDA} = {5E3312C4-1B3C-4D41-964C-C3A3E01DA966}
		{3322678A-22DA-4C84-B2BF-33B0D2F8C80C} = {2993E291-DFD2-4AB6-9E3B-B7F66015C914}
		{BDFCAB13-3D52-4373-94ED-9E2F493EB89E} = {5E3312C4-1B3C-4D41-964C-C3A3E01DA966}
		{CDDB9BC3-C264-4C51-BD40-4B98E50F0297} = {5E3312C4-1B3C-4D41-964C-C3A3E01DA966}
	EndGlobalSection
	GlobalSection(ExtensibilityGlobals) = postSolution
		SolutionGuid = {C41172B9-09C3-4327-8CE2-CB47CBAA29AC}
	EndGlobalSection
EndGlobal
