
Microsoft Visual Studio Solution File, Format Version 12.00
# Visual Studio 14
VisualStudioVersion = 14.0.23107.0
MinimumVisualStudioVersion = 10.0.40219.1
Project("{F2A71F9B-5D33-465A-A702-920D77279786}") = "Aardvark.Base.Rendering", "Aardvark.Base.Rendering\Aardvark.Base.Rendering.fsproj", "{F8233648-55CE-4795-9151-E512390D86E7}"
EndProject
Project("{F2A71F9B-5D33-465A-A702-920D77279786}") = "Aardvark.Rendering.GL", "Aardvark.Rendering.GL\Aardvark.Rendering.GL.fsproj", "{88B586F5-A5E2-4321-BD5D-27D296DA0FDD}"
EndProject
Project("{F2A71F9B-5D33-465A-A702-920D77279786}") = "Demo", "Demo\Demo\Demo.fsproj", "{3A6C4D14-AF36-4740-9D9C-CC3D8AD523D6}"
EndProject
Project("{F2A71F9B-5D33-465A-A702-920D77279786}") = "Aardvark.SceneGraph", "Aardvark.SceneGraph\Aardvark.SceneGraph.fsproj", "{B9EF48E4-7E73-4DDF-805A-D7324D907CB8}"
EndProject
Project("{2150E333-8FDC-42A3-9474-1A3956D46DE8}") = "Application", "Application", "{2993E291-DFD2-4AB6-9E3B-B7F66015C914}"
EndProject
Project("{F2A71F9B-5D33-465A-A702-920D77279786}") = "Aardvark.Application", "Application\Aardvark.Application\Aardvark.Application.fsproj", "{E3508B1C-592C-4E8E-98F3-71DBEC6083DA}"
EndProject
Project("{F2A71F9B-5D33-465A-A702-920D77279786}") = "Aardvark.Application.WinForms.GL", "Application\Aardvark.Application.WinForms.GL\Aardvark.Application.WinForms.GL.fsproj", "{4F645DE6-6D22-4BAD-8489-C1F8456E3D55}"
EndProject
Project("{F2A71F9B-5D33-465A-A702-920D77279786}") = "Aardvark.Application.WinForms", "Application\Aardvark.Application.WinForms\Aardvark.Application.WinForms.fsproj", "{B1D5938D-AB5D-4D0E-8DDE-482EF5308F16}"
EndProject
Project("{F2A71F9B-5D33-465A-A702-920D77279786}") = "Aardvark.Application.WPF", "Application\Aardvark.Application.WPF\Aardvark.Application.WPF.fsproj", "{D8ADA249-0CB6-4BDE-9AE7-DBBDB6C3812A}"
EndProject
Project("{F2A71F9B-5D33-465A-A702-920D77279786}") = "Aardvark.Application.WPF.GL", "Application\Aardvark.Application.WPF.GL\Aardvark.Application.WPF.GL.fsproj", "{993CF671-5810-44D9-85D8-A35F5EE16F8F}"
EndProject
Project("{F2A71F9B-5D33-465A-A702-920D77279786}") = "OSM", "Demo\OSM\OSM.fsproj", "{BA817F29-8F5B-4E2F-BFB0-E52206B6244B}"
EndProject
Project("{F2A71F9B-5D33-465A-A702-920D77279786}") = "FontRendering", "Demo\FontRendering\FontRendering.fsproj", "{63DCF027-1892-44B9-AF14-1FFF8005617C}"
EndProject
Project("{F2A71F9B-5D33-465A-A702-920D77279786}") = "Aardvark.Rendering.NanoVg", "Aardvark.Rendering.NanoVg\Aardvark.Rendering.NanoVg.fsproj", "{054DF582-D549-4DA0-B74B-762AB2585D3F}"
EndProject
Project("{F2A71F9B-5D33-465A-A702-920D77279786}") = "AsyncLoading", "Demo\AsyncLoading\AsyncLoading.fsproj", "{275853BC-F5A5-485D-8F15-CBAB95735399}"
EndProject
Project("{F2A71F9B-5D33-465A-A702-920D77279786}") = "InteractiveSketching", "Demo\InteractiveSketching\InteractiveSketching.fsproj", "{573E033A-71D3-4171-8464-27ADCAC4B2DC}"
EndProject
Project("{2150E333-8FDC-42A3-9474-1A3956D46DE8}") = "Demo", "Demo", "{C664AC25-597F-470A-854B-045CD7E59CE2}"
EndProject
Project("{2150E333-8FDC-42A3-9474-1A3956D46DE8}") = "Tests", "Tests", "{80F74456-D82F-4D38-83FE-362EFD0C2FCB}"
EndProject
Project("{F2A71F9B-5D33-465A-A702-920D77279786}") = "Aardvark.Rendering.GL.Tests", "Tests\Aardvark.Rendering.GL.Tests\Aardvark.Rendering.GL.Tests.fsproj", "{EBC7AF0C-DFDC-49C0-9939-630EEAB06C73}"
EndProject
Project("{F2A71F9B-5D33-465A-A702-920D77279786}") = "Examples", "Demo\Examples\Examples.fsproj", "{6C943F93-9A9A-4A57-9A75-A235A3443C22}"
EndProject
Global
	GlobalSection(SolutionConfigurationPlatforms) = preSolution
		Debug|Any CPU = Debug|Any CPU
		Release|Any CPU = Release|Any CPU
	EndGlobalSection
	GlobalSection(ProjectConfigurationPlatforms) = postSolution
		{F8233648-55CE-4795-9151-E512390D86E7}.Debug|Any CPU.ActiveCfg = Debug|Any CPU
		{F8233648-55CE-4795-9151-E512390D86E7}.Debug|Any CPU.Build.0 = Debug|Any CPU
		{F8233648-55CE-4795-9151-E512390D86E7}.Release|Any CPU.ActiveCfg = Release|Any CPU
		{F8233648-55CE-4795-9151-E512390D86E7}.Release|Any CPU.Build.0 = Release|Any CPU
		{88B586F5-A5E2-4321-BD5D-27D296DA0FDD}.Debug|Any CPU.ActiveCfg = Debug|Any CPU
		{88B586F5-A5E2-4321-BD5D-27D296DA0FDD}.Debug|Any CPU.Build.0 = Debug|Any CPU
		{88B586F5-A5E2-4321-BD5D-27D296DA0FDD}.Release|Any CPU.ActiveCfg = Release|Any CPU
		{88B586F5-A5E2-4321-BD5D-27D296DA0FDD}.Release|Any CPU.Build.0 = Release|Any CPU
		{3A6C4D14-AF36-4740-9D9C-CC3D8AD523D6}.Debug|Any CPU.ActiveCfg = Debug|Any CPU
		{3A6C4D14-AF36-4740-9D9C-CC3D8AD523D6}.Debug|Any CPU.Build.0 = Debug|Any CPU
		{3A6C4D14-AF36-4740-9D9C-CC3D8AD523D6}.Release|Any CPU.ActiveCfg = Release|Any CPU
		{3A6C4D14-AF36-4740-9D9C-CC3D8AD523D6}.Release|Any CPU.Build.0 = Release|Any CPU
		{B9EF48E4-7E73-4DDF-805A-D7324D907CB8}.Debug|Any CPU.ActiveCfg = Debug|Any CPU
		{B9EF48E4-7E73-4DDF-805A-D7324D907CB8}.Debug|Any CPU.Build.0 = Debug|Any CPU
		{B9EF48E4-7E73-4DDF-805A-D7324D907CB8}.Release|Any CPU.ActiveCfg = Release|Any CPU
		{B9EF48E4-7E73-4DDF-805A-D7324D907CB8}.Release|Any CPU.Build.0 = Release|Any CPU
		{E3508B1C-592C-4E8E-98F3-71DBEC6083DA}.Debug|Any CPU.ActiveCfg = Debug|Any CPU
		{E3508B1C-592C-4E8E-98F3-71DBEC6083DA}.Debug|Any CPU.Build.0 = Debug|Any CPU
		{E3508B1C-592C-4E8E-98F3-71DBEC6083DA}.Release|Any CPU.ActiveCfg = Release|Any CPU
		{E3508B1C-592C-4E8E-98F3-71DBEC6083DA}.Release|Any CPU.Build.0 = Release|Any CPU
		{4F645DE6-6D22-4BAD-8489-C1F8456E3D55}.Debug|Any CPU.ActiveCfg = Debug|Any CPU
		{4F645DE6-6D22-4BAD-8489-C1F8456E3D55}.Debug|Any CPU.Build.0 = Debug|Any CPU
		{4F645DE6-6D22-4BAD-8489-C1F8456E3D55}.Release|Any CPU.ActiveCfg = Release|Any CPU
		{4F645DE6-6D22-4BAD-8489-C1F8456E3D55}.Release|Any CPU.Build.0 = Release|Any CPU
		{B1D5938D-AB5D-4D0E-8DDE-482EF5308F16}.Debug|Any CPU.ActiveCfg = Debug|Any CPU
		{B1D5938D-AB5D-4D0E-8DDE-482EF5308F16}.Debug|Any CPU.Build.0 = Debug|Any CPU
		{B1D5938D-AB5D-4D0E-8DDE-482EF5308F16}.Release|Any CPU.ActiveCfg = Release|Any CPU
		{B1D5938D-AB5D-4D0E-8DDE-482EF5308F16}.Release|Any CPU.Build.0 = Release|Any CPU
		{D8ADA249-0CB6-4BDE-9AE7-DBBDB6C3812A}.Debug|Any CPU.ActiveCfg = Debug|Any CPU
		{D8ADA249-0CB6-4BDE-9AE7-DBBDB6C3812A}.Debug|Any CPU.Build.0 = Debug|Any CPU
		{D8ADA249-0CB6-4BDE-9AE7-DBBDB6C3812A}.Release|Any CPU.ActiveCfg = Release|Any CPU
		{D8ADA249-0CB6-4BDE-9AE7-DBBDB6C3812A}.Release|Any CPU.Build.0 = Release|Any CPU
		{993CF671-5810-44D9-85D8-A35F5EE16F8F}.Debug|Any CPU.ActiveCfg = Debug|Any CPU
		{993CF671-5810-44D9-85D8-A35F5EE16F8F}.Debug|Any CPU.Build.0 = Debug|Any CPU
		{993CF671-5810-44D9-85D8-A35F5EE16F8F}.Release|Any CPU.ActiveCfg = Release|Any CPU
		{993CF671-5810-44D9-85D8-A35F5EE16F8F}.Release|Any CPU.Build.0 = Release|Any CPU
		{BA817F29-8F5B-4E2F-BFB0-E52206B6244B}.Debug|Any CPU.ActiveCfg = Debug|Any CPU
		{BA817F29-8F5B-4E2F-BFB0-E52206B6244B}.Debug|Any CPU.Build.0 = Debug|Any CPU
		{BA817F29-8F5B-4E2F-BFB0-E52206B6244B}.Release|Any CPU.ActiveCfg = Release|Any CPU
		{BA817F29-8F5B-4E2F-BFB0-E52206B6244B}.Release|Any CPU.Build.0 = Release|Any CPU
		{63DCF027-1892-44B9-AF14-1FFF8005617C}.Debug|Any CPU.ActiveCfg = Debug|Any CPU
		{63DCF027-1892-44B9-AF14-1FFF8005617C}.Debug|Any CPU.Build.0 = Debug|Any CPU
		{63DCF027-1892-44B9-AF14-1FFF8005617C}.Release|Any CPU.ActiveCfg = Release|Any CPU
		{63DCF027-1892-44B9-AF14-1FFF8005617C}.Release|Any CPU.Build.0 = Release|Any CPU
		{054DF582-D549-4DA0-B74B-762AB2585D3F}.Debug|Any CPU.ActiveCfg = Debug|Any CPU
		{054DF582-D549-4DA0-B74B-762AB2585D3F}.Debug|Any CPU.Build.0 = Debug|Any CPU
		{054DF582-D549-4DA0-B74B-762AB2585D3F}.Release|Any CPU.ActiveCfg = Release|Any CPU
		{054DF582-D549-4DA0-B74B-762AB2585D3F}.Release|Any CPU.Build.0 = Release|Any CPU
		{275853BC-F5A5-485D-8F15-CBAB95735399}.Debug|Any CPU.ActiveCfg = Debug|Any CPU
		{275853BC-F5A5-485D-8F15-CBAB95735399}.Debug|Any CPU.Build.0 = Debug|Any CPU
		{275853BC-F5A5-485D-8F15-CBAB95735399}.Release|Any CPU.ActiveCfg = Release|Any CPU
		{275853BC-F5A5-485D-8F15-CBAB95735399}.Release|Any CPU.Build.0 = Release|Any CPU
		{573E033A-71D3-4171-8464-27ADCAC4B2DC}.Debug|Any CPU.ActiveCfg = Debug|Any CPU
		{573E033A-71D3-4171-8464-27ADCAC4B2DC}.Debug|Any CPU.Build.0 = Debug|Any CPU
		{573E033A-71D3-4171-8464-27ADCAC4B2DC}.Release|Any CPU.ActiveCfg = Release|Any CPU
		{573E033A-71D3-4171-8464-27ADCAC4B2DC}.Release|Any CPU.Build.0 = Release|Any CPU
		{EBC7AF0C-DFDC-49C0-9939-630EEAB06C73}.Debug|Any CPU.ActiveCfg = Debug|Any CPU
		{EBC7AF0C-DFDC-49C0-9939-630EEAB06C73}.Debug|Any CPU.Build.0 = Debug|Any CPU
		{EBC7AF0C-DFDC-49C0-9939-630EEAB06C73}.Release|Any CPU.ActiveCfg = Release|Any CPU
		{EBC7AF0C-DFDC-49C0-9939-630EEAB06C73}.Release|Any CPU.Build.0 = Release|Any CPU
		{6C943F93-9A9A-4A57-9A75-A235A3443C22}.Debug|Any CPU.ActiveCfg = Debug|Any CPU
		{6C943F93-9A9A-4A57-9A75-A235A3443C22}.Debug|Any CPU.Build.0 = Debug|Any CPU
		{6C943F93-9A9A-4A57-9A75-A235A3443C22}.Release|Any CPU.ActiveCfg = Release|Any CPU
		{6C943F93-9A9A-4A57-9A75-A235A3443C22}.Release|Any CPU.Build.0 = Release|Any CPU
	EndGlobalSection
	GlobalSection(SolutionProperties) = preSolution
		HideSolutionNode = FALSE
	EndGlobalSection
	GlobalSection(NestedProjects) = preSolution
		{3A6C4D14-AF36-4740-9D9C-CC3D8AD523D6} = {C664AC25-597F-470A-854B-045CD7E59CE2}
		{E3508B1C-592C-4E8E-98F3-71DBEC6083DA} = {2993E291-DFD2-4AB6-9E3B-B7F66015C914}
		{4F645DE6-6D22-4BAD-8489-C1F8456E3D55} = {2993E291-DFD2-4AB6-9E3B-B7F66015C914}
		{B1D5938D-AB5D-4D0E-8DDE-482EF5308F16} = {2993E291-DFD2-4AB6-9E3B-B7F66015C914}
		{D8ADA249-0CB6-4BDE-9AE7-DBBDB6C3812A} = {2993E291-DFD2-4AB6-9E3B-B7F66015C914}
		{993CF671-5810-44D9-85D8-A35F5EE16F8F} = {2993E291-DFD2-4AB6-9E3B-B7F66015C914}
		{BA817F29-8F5B-4E2F-BFB0-E52206B6244B} = {C664AC25-597F-470A-854B-045CD7E59CE2}
		{63DCF027-1892-44B9-AF14-1FFF8005617C} = {C664AC25-597F-470A-854B-045CD7E59CE2}
		{275853BC-F5A5-485D-8F15-CBAB95735399} = {C664AC25-597F-470A-854B-045CD7E59CE2}
		{573E033A-71D3-4171-8464-27ADCAC4B2DC} = {C664AC25-597F-470A-854B-045CD7E59CE2}
		{EBC7AF0C-DFDC-49C0-9939-630EEAB06C73} = {80F74456-D82F-4D38-83FE-362EFD0C2FCB}
		{6C943F93-9A9A-4A57-9A75-A235A3443C22} = {C664AC25-597F-470A-854B-045CD7E59CE2}
	EndGlobalSection
EndGlobal
