
Microsoft Visual Studio Solution File, Format Version 12.00
# Visual Studio 15
VisualStudioVersion = 16.0.29609.76
MinimumVisualStudioVersion = 10.0.40219.1
Project("{6EC3EE1D-3C4E-46DD-8F32-0CC8E7565705}") = "30 - NaiveShadowMapping", "Examples (netcore)\30 - NaiveShadowMapping\30 - NaiveShadowMapping.fsproj", "{B62067AC-B64E-4386-8C5C-E1A148FB477D}"
EndProject
Project("{6EC3EE1D-3C4E-46DD-8F32-0CC8E7565705}") = "12 - AddRemoveStress", "Scratch (netcore)\12 - AddRemoveStress\12 - AddRemoveStress.fsproj", "{439C0269-9679-4AFF-BDA5-7ECAD9A9D678}"
EndProject
Project("{6EC3EE1D-3C4E-46DD-8F32-0CC8E7565705}") = "11 - WriteBuffers", "Scratch (netcore)\11 - WriteBuffers\11 - WriteBuffers.fsproj", "{08096727-9A9B-4AD0-8A40-B42BFDDCE731}"
EndProject
Project("{6EC3EE1D-3C4E-46DD-8F32-0CC8E7565705}") = "10 - FontSquirrelGenerator", "Scratch (netcore)\10 - FontSquirrelGenerator\10 - FontSquirrelGenerator.fsproj", "{9CDE6170-5BEA-4BE7-814A-C134B4530E6C}"
EndProject
Project("{6EC3EE1D-3C4E-46DD-8F32-0CC8E7565705}") = "08 - DerivedAttributePerformance", "Scratch (net471)\08 - DerivedAttributePerformance\08 - DerivedAttributePerformance.fsproj", "{627A635E-2C40-49EE-BBBF-46FABA90C941}"
EndProject
Project("{6EC3EE1D-3C4E-46DD-8F32-0CC8E7565705}") = "05 - HickupTest", "Scratch (net471)\05 - HickupTest\05 - HickupTest.fsproj", "{333848F1-0D67-4D85-8EA3-814253A0E47C}"
EndProject
Project("{6EC3EE1D-3C4E-46DD-8F32-0CC8E7565705}") = "08 - TextUpdateTest", "Scratch (netcore)\08 - TextUpdateTest\08 - TextUpdateTest.fsproj", "{DFEF8B29-F9BF-4186-B87C-EA261E24C10F}"
EndProject
Project("{6EC3EE1D-3C4E-46DD-8F32-0CC8E7565705}") = "29 - PingPong", "Examples (netcore)\29 - PingPong\29 - PingPong.fsproj", "{B869D116-33D0-48E1-9C62-79D9AFFC7F65}"
EndProject
Project("{6EC3EE1D-3C4E-46DD-8F32-0CC8E7565705}") = "26 - Splines", "Examples (netcore)\26 - Splines\26 - Splines.fsproj", "{2F1B94FB-FAD2-4551-9406-E88506AAFB91}"
EndProject
Project("{6EC3EE1D-3C4E-46DD-8F32-0CC8E7565705}") = "25 - AutomaticInstancing", "Examples (netcore)\25 - AutomaticInstancing\25 - AutomaticInstancing.fsproj", "{A472871F-9474-4C26-A233-82C4E042EFC8}"
EndProject
Project("{6EC3EE1D-3C4E-46DD-8F32-0CC8E7565705}") = "24 - PostProcessing", "Examples (netcore)\24 - PostProcessing\24 - PostProcessing.fsproj", "{3C6DA164-D7E2-4EA4-BCD6-A582A5E377B0}"
EndProject
Project("{6EC3EE1D-3C4E-46DD-8F32-0CC8E7565705}") = "05 - ConjugateGradient", "Scratch (netcore)\05 - ConjugateGradient\05 - ConjugateGradient.fsproj", "{08B6A305-2871-4C31-928B-DEC830A960DD}"
EndProject
Project("{6EC3EE1D-3C4E-46DD-8F32-0CC8E7565705}") = "23 - FlexibleDrawCommands", "Examples (netcore)\23 - FlexibleDrawCommands\23 - FlexibleDrawCommands.fsproj", "{4EADF9F3-B0D1-48D4-84CC-08DD3BCFC75B}"
EndProject
Project("{6EC3EE1D-3C4E-46DD-8F32-0CC8E7565705}") = "22 - HardwareFeatures", "Examples (netcore)\22 - HardwareFeatures\22 - HardwareFeatures.fsproj", "{C4C8EEEB-0592-45C6-8CAA-D31AFAE556F8}"
EndProject
Project("{6EC3EE1D-3C4E-46DD-8F32-0CC8E7565705}") = "04 - ManyTexts", "Scratch (netcore)\04 - ManyTexts\04 - ManyTexts.fsproj", "{D74EC8E0-0901-4B4A-8CE5-4F8DCC542C56}"
EndProject
Project("{6EC3EE1D-3C4E-46DD-8F32-0CC8E7565705}") = "20 - VolumeRendering", "Examples (netcore)\20 - VolumeRendering\20 - VolumeRendering.fsproj", "{015672E1-0260-4374-83D1-97210F52FB4C}"
EndProject
Project("{6EC3EE1D-3C4E-46DD-8F32-0CC8E7565705}") = "19 - NativeTensors", "Examples (netcore)\19 - NativeTensors\19 - NativeTensors.fsproj", "{86B49AE2-55FA-42E4-9DE7-B4AD3D3A79AB}"
EndProject
Project("{6EC3EE1D-3C4E-46DD-8F32-0CC8E7565705}") = "18 - RenderCommands", "Examples (netcore)\18 - RenderCommands\18 - RenderCommands.fsproj", "{227587AA-4E5F-4AB6-887A-471DC887131E}"
EndProject
Project("{6EC3EE1D-3C4E-46DD-8F32-0CC8E7565705}") = "16 - ShaderSwitches", "Examples (netcore)\16 - ShaderSwitches\16 - ShaderSwitches.fsproj", "{61C4E66D-887B-4AD5-831D-AEDCE7F67CB7}"
EndProject
Project("{6EC3EE1D-3C4E-46DD-8F32-0CC8E7565705}") = "15 - GeometryPooling", "Examples (netcore)\15 - GeometryPooling\15 - GeometryPooling.fsproj", "{023D65B5-26C5-4887-82DC-0F622966DABB}"
EndProject
Project("{6EC3EE1D-3C4E-46DD-8F32-0CC8E7565705}") = "13 - Mandelbrot", "Examples (netcore)\13 - Mandelbrot\13 - Mandelbrot.fsproj", "{9A3BD9B8-9942-40B5-BC90-F4D14FE766CB}"
EndProject
Project("{6EC3EE1D-3C4E-46DD-8F32-0CC8E7565705}") = "12 - GlslIntrinsics", "Examples (netcore)\12 - GlslIntrinsics\12 - GlslIntrinsics.fsproj", "{3E7A4330-FB2B-4899-9B44-6FECF67A629F}"
EndProject
Project("{6EC3EE1D-3C4E-46DD-8F32-0CC8E7565705}") = "11 - ParallelPrimitives", "Examples (netcore)\11 - ParallelPrimitives\11 - ParallelPrimitives.fsproj", "{02ED0B81-E99A-45DE-923A-862D66D318C0}"
EndProject
Project("{6EC3EE1D-3C4E-46DD-8F32-0CC8E7565705}") = "10 - NBodyCompute", "Examples (netcore)\10 - NBodyCompute\10 - NBodyCompute.fsproj", "{6EFF89F1-0DFE-4346-9473-31A0A233F943}"
EndProject
Project("{6EC3EE1D-3C4E-46DD-8F32-0CC8E7565705}") = "09 - TesselatedSphere", "Examples (netcore)\09 - TesselatedSphere\09 - TesselatedSphere.fsproj", "{B24882D0-E4FC-45A3-A5F0-DF6D2B0E01BA}"
EndProject
Project("{6EC3EE1D-3C4E-46DD-8F32-0CC8E7565705}") = "08 - NaiveViewFrustumCulling", "Examples (netcore)\08 - NaiveViewFrustumCulling\08 - NaiveViewFrustumCulling.fsproj", "{2DE51C61-A2DE-43F6-B047-F428E2608089}"
EndProject
Project("{6EC3EE1D-3C4E-46DD-8F32-0CC8E7565705}") = "07 - RenderToTexture", "Examples (netcore)\07 - RenderToTexture\07 - RenderToTexture.fsproj", "{0C75D556-1B56-42B7-B399-9E4C7BE0D83F}"
EndProject
Project("{6EC3EE1D-3C4E-46DD-8F32-0CC8E7565705}") = "06 - GeometryPrimitives", "Examples (netcore)\06 - GeometryPrimitives\06 - GeometryPrimitives.fsproj", "{CFFF9E2D-5C66-494F-AB20-DD5047DAD8B9}"
EndProject
Project("{6EC3EE1D-3C4E-46DD-8F32-0CC8E7565705}") = "04 - ModelLoading", "Examples (netcore)\04 - ModelLoading\04 - ModelLoading.fsproj", "{AE1BA94B-B2F3-4A74-9748-4576440E0337}"
EndProject
Project("{6EC3EE1D-3C4E-46DD-8F32-0CC8E7565705}") = "03 - Animation", "Examples (netcore)\03 - Animation\03 - Animation.fsproj", "{21A147AA-3100-439F-8E7A-5591F4995D17}"
EndProject
Project("{6EC3EE1D-3C4E-46DD-8F32-0CC8E7565705}") = "Aardvark.Base.Rendering", "Aardvark.Base.Rendering\Aardvark.Base.Rendering.fsproj", "{F8233648-55CE-4795-9151-E512390D86E7}"
EndProject
Project("{6EC3EE1D-3C4E-46DD-8F32-0CC8E7565705}") = "Aardvark.Rendering.GL", "Aardvark.Rendering.GL\Aardvark.Rendering.GL.fsproj", "{88B586F5-A5E2-4321-BD5D-27D296DA0FDD}"
EndProject
Project("{6EC3EE1D-3C4E-46DD-8F32-0CC8E7565705}") = "Aardvark.SceneGraph", "Aardvark.SceneGraph\Aardvark.SceneGraph.fsproj", "{B9EF48E4-7E73-4DDF-805A-D7324D907CB8}"
EndProject
Project("{2150E333-8FDC-42A3-9474-1A3956D46DE8}") = "Application", "Application", "{2993E291-DFD2-4AB6-9E3B-B7F66015C914}"
EndProject
Project("{6EC3EE1D-3C4E-46DD-8F32-0CC8E7565705}") = "Aardvark.Application", "Application\Aardvark.Application\Aardvark.Application.fsproj", "{E3508B1C-592C-4E8E-98F3-71DBEC6083DA}"
EndProject
Project("{6EC3EE1D-3C4E-46DD-8F32-0CC8E7565705}") = "Aardvark.Application.WinForms.GL", "Application\Aardvark.Application.WinForms.GL\Aardvark.Application.WinForms.GL.fsproj", "{4F645DE6-6D22-4BAD-8489-C1F8456E3D55}"
EndProject
Project("{6EC3EE1D-3C4E-46DD-8F32-0CC8E7565705}") = "Aardvark.Application.WinForms", "Application\Aardvark.Application.WinForms\Aardvark.Application.WinForms.fsproj", "{B1D5938D-AB5D-4D0E-8DDE-482EF5308F16}"
EndProject
Project("{6EC3EE1D-3C4E-46DD-8F32-0CC8E7565705}") = "Aardvark.Application.WPF", "Application\Aardvark.Application.WPF\Aardvark.Application.WPF.fsproj", "{D8ADA249-0CB6-4BDE-9AE7-DBBDB6C3812A}"
EndProject
Project("{6EC3EE1D-3C4E-46DD-8F32-0CC8E7565705}") = "Aardvark.Application.WPF.GL", "Application\Aardvark.Application.WPF.GL\Aardvark.Application.WPF.GL.fsproj", "{993CF671-5810-44D9-85D8-A35F5EE16F8F}"
EndProject
Project("{6EC3EE1D-3C4E-46DD-8F32-0CC8E7565705}") = "FontRendering", "Demo\FontRendering\FontRendering.fsproj", "{63DCF027-1892-44B9-AF14-1FFF8005617C}"
EndProject
Project("{2150E333-8FDC-42A3-9474-1A3956D46DE8}") = "Demo", "Demo", "{C664AC25-597F-470A-854B-045CD7E59CE2}"
EndProject
Project("{2150E333-8FDC-42A3-9474-1A3956D46DE8}") = "Tests", "Tests", "{80F74456-D82F-4D38-83FE-362EFD0C2FCB}"
EndProject
Project("{6EC3EE1D-3C4E-46DD-8F32-0CC8E7565705}") = "Aardvark.Rendering.GL.Tests", "Tests\Aardvark.Rendering.GL.Tests\Aardvark.Rendering.GL.Tests.fsproj", "{EBC7AF0C-DFDC-49C0-9939-630EEAB06C73}"
EndProject
Project("{6EC3EE1D-3C4E-46DD-8F32-0CC8E7565705}") = "Examples", "Demo\Examples\Examples.fsproj", "{6C943F93-9A9A-4A57-9A75-A235A3443C22}"
EndProject
Project("{6EC3EE1D-3C4E-46DD-8F32-0CC8E7565705}") = "Aardvark.Rendering.Interactive", "Aardvark.Rendering.Interactive\Aardvark.Rendering.Interactive.fsproj", "{79D48400-F885-461A-B747-E3675A7EF2EF}"
EndProject
Project("{6EC3EE1D-3C4E-46DD-8F32-0CC8E7565705}") = "Aardvark.Rendering.Text", "Aardvark.Rendering.Text\Aardvark.Rendering.Text.fsproj", "{FB0C63A7-519A-4FCC-9A4B-841AEE5B8C97}"
EndProject
Project("{2150E333-8FDC-42A3-9474-1A3956D46DE8}") = "Dependencies", "Dependencies", "{B5AD6854-A8DC-475D-8B09-242DDB5D79BC}"
	ProjectSection(SolutionItems) = preProject
		..\paket.dependencies  = ..\paket.dependencies
EndProjectSection
EndProject
Project("{6EC3EE1D-3C4E-46DD-8F32-0CC8E7565705}") = "Aardvark.SceneGraph.IO", "Aardvark.SceneGraph.IO\Aardvark.SceneGraph.IO.fsproj", "{D7B02E89-DC77-462D-A3D4-A28DAA403AAF}"
EndProject
Project("{6EC3EE1D-3C4E-46DD-8F32-0CC8E7565705}") = "Aardvark.Rendering.Vulkan", "Aardvark.Rendering.Vulkan\Aardvark.Rendering.Vulkan.fsproj", "{8BBC1EF6-9C85-4BAF-A732-FC46DCA64EC3}"
EndProject
Project("{6EC3EE1D-3C4E-46DD-8F32-0CC8E7565705}") = "Aardvark.Application.WinForms.Vulkan", "Application\Aardvark.Application.WinForms.Vulkan\Aardvark.Application.WinForms.Vulkan.fsproj", "{99DD80B4-B1B8-4042-BEEA-B3A7FD617242}"
EndProject
Project("{6EC3EE1D-3C4E-46DD-8F32-0CC8E7565705}") = "Aardvark.Application.OpenVR", "Application\Aardvark.Application.OpenVR\Aardvark.Application.OpenVR.fsproj", "{7AAAC578-443F-4120-BA74-3732CCE920E8}"
EndProject
Project("{6EC3EE1D-3C4E-46DD-8F32-0CC8E7565705}") = "Aardvark.Application.OpenVR.Vulkan", "Application\Aardvark.Application.OpenVR.Vulkan\Aardvark.Application.OpenVR.Vulkan.fsproj", "{FB047D5E-D49A-462E-BAA0-B058CE06CFC9}"
EndProject
Project("{6EC3EE1D-3C4E-46DD-8F32-0CC8E7565705}") = "Aardvark.GPGPU", "Aardvark.GPGPU\Aardvark.GPGPU.fsproj", "{68E3B876-EB23-4D61-A71F-EF35A146F276}"
EndProject
Project("{2150E333-8FDC-42A3-9474-1A3956D46DE8}") = "Examples (netcore)", "Examples (netcore)", "{5E3312C4-1B3C-4D41-964C-C3A3E01DA966}"
	ProjectSection(SolutionItems) = preProject
		Examples (netcore)\new.fsx  = Examples (netcore)\new.fsx
EndProjectSection
EndProject
Project("{6EC3EE1D-3C4E-46DD-8F32-0CC8E7565705}") = "01 - Triangle", "Examples (netcore)\01 - Triangle\01 - Triangle.fsproj", "{586B6699-E349-4173-BB3F-6DA125EFFFDA}"
EndProject
Project("{6EC3EE1D-3C4E-46DD-8F32-0CC8E7565705}") = "Aardvark.Application.Utilities", "Application\Aardvark.Application.Utilities\Aardvark.Application.Utilities.fsproj", "{3322678A-22DA-4C84-B2BF-33B0D2F8C80C}"
EndProject
Project("{6EC3EE1D-3C4E-46DD-8F32-0CC8E7565705}") = "02 - TexturedCube", "Examples (netcore)\02 - TexturedCube\02 - TexturedCube.fsproj", "{BDFCAB13-3D52-4373-94ED-9E2F493EB89E}"
EndProject
Project("{6EC3EE1D-3C4E-46DD-8F32-0CC8E7565705}") = "00 - HelloWorld", "Examples (netcore)\00 - HelloWorld\00 - HelloWorld.fsproj", "{CDDB9BC3-C264-4C51-BD40-4B98E50F0297}"
EndProject
Project("{6EC3EE1D-3C4E-46DD-8F32-0CC8E7565705}") = "14 - GeometryShaders", "Examples (netcore)\14 - GeometryShaders\14 - GeometryShaders.fsproj", "{57D366A4-399B-4FEB-B061-AC92A1089DE5}"
EndProject
Project("{6EC3EE1D-3C4E-46DD-8F32-0CC8E7565705}") = "Aardvark.Application.OpenVR.GL", "Application\Aardvark.Application.OpenVR.GL\Aardvark.Application.OpenVR.GL.fsproj", "{77F11E0A-4BB2-4402-B339-B4772D2A4EF6}"
EndProject
Project("{6EC3EE1D-3C4E-46DD-8F32-0CC8E7565705}") = "Aardvark.Application.Slim.GL", "Application\Aardvark.Application.Slim.GL\Aardvark.Application.Slim.GL.fsproj", "{F8E2E201-39EC-4000-B3E7-E317016FA807}"
EndProject
Project("{6EC3EE1D-3C4E-46DD-8F32-0CC8E7565705}") = "SlimJim", "Demo\SlimJim\SlimJim.fsproj", "{6EE5993C-4404-40E3-B3E9-3D0A37FBC699}"
EndProject
Project("{6EC3EE1D-3C4E-46DD-8F32-0CC8E7565705}") = "Aardvark.Application.Slim", "Application\Aardvark.Application.Slim\Aardvark.Application.Slim.fsproj", "{72A7471E-7BF7-41BD-A654-0DC904B49D1F}"
EndProject
Project("{6EC3EE1D-3C4E-46DD-8F32-0CC8E7565705}") = "Aardvark.Application.Slim.Vulkan", "Application\Aardvark.Application.Slim.Vulkan\Aardvark.Application.Slim.Vulkan.fsproj", "{77AF53B0-FE23-4DE2-B218-5726B295F6BD}"
EndProject
Project("{6EC3EE1D-3C4E-46DD-8F32-0CC8E7565705}") = "17 - TextureArrays", "Examples (netcore)\17 - TextureArrays\17 - TextureArrays.fsproj", "{2C25EACD-8E56-4BE5-8BB7-0CB9ED004096}"
EndProject
Project("{2150E333-8FDC-42A3-9474-1A3956D46DE8}") = "Solution Items", "Solution Items", "{21DE79CD-4706-473E-9655-ACD9A7A3D5D3}"
	ProjectSection(SolutionItems) = preProject
		Performance1.psess  = Performance1.psess
EndProjectSection
EndProject
Project("{6EC3EE1D-3C4E-46DD-8F32-0CC8E7565705}") = "Aardvark.SceneGraph.Opc", "Aardvark.SceneGraph.Opc\Aardvark.SceneGraph.Opc.fsproj", "{97CF1A7D-9858-4552-8EBF-ADBD6FF68FFA}"
EndProject
Project("{2150E333-8FDC-42A3-9474-1A3956D46DE8}") = "Scratch (netcore)", "Scratch (netcore)", "{29CA9CA1-CC31-4B5D-8DB0-2FEA748C09D8}"
	ProjectSection(SolutionItems) = preProject
		Scratch (netcore)\new.fsx  = Scratch (netcore)\new.fsx
EndProjectSection
EndProject
Project("{2150E333-8FDC-42A3-9474-1A3956D46DE8}") = "Scratch (net471)", "Scratch (net471)", "{ACAD9454-10F3-4673-BC50-BD1B50A04D3B}"
	ProjectSection(SolutionItems) = preProject
		Scratch (net471)\new.fsx  = Scratch (net471)\new.fsx
EndProjectSection
EndProject
Project("{2150E333-8FDC-42A3-9474-1A3956D46DE8}") = "Examples (net471)", "Examples (net471)", "{0C4B4E0F-315B-4F93-BFCE-CAE5003FB82B}"
EndProject
Project("{6EC3EE1D-3C4E-46DD-8F32-0CC8E7565705}") = "01 - Triangle", "Scratch (netcore)\01 - Triangle\01 - Triangle.fsproj", "{73D82892-93D0-402C-B561-F25B5D1804B0}"
EndProject
Project("{6EC3EE1D-3C4E-46DD-8F32-0CC8E7565705}") = "02 - OpcDemo", "Scratch (netcore)\02 - OpcDemo\02 - OpcDemo.fsproj", "{11C99149-C563-4EA9-8B43-985554E2ABE7}"
EndProject
Project("{6EC3EE1D-3C4E-46DD-8F32-0CC8E7565705}") = "03 - Sorted", "Scratch (netcore)\03 - Sorted\03 - Sorted.fsproj", "{09AC089B-878F-44F1-83C3-7889654C666E}"
EndProject
Project("{6EC3EE1D-3C4E-46DD-8F32-0CC8E7565705}") = "00 - HelloWorld (net471)", "Scratch (net471)\00 - HelloWorld (net471)\00 - HelloWorld (net471).fsproj", "{0D5B9ADB-7EFE-44ED-BB73-FB232B74F17C}"
EndProject
Project("{6EC3EE1D-3C4E-46DD-8F32-0CC8E7565705}") = "21 - LoD", "Examples (netcore)\21 - LoD\21 - LoD.fsproj", "{9AEFCF2E-C8BC-42A7-A9AA-13CF6DEF8AA7}"
EndProject
Project("{6EC3EE1D-3C4E-46DD-8F32-0CC8E7565705}") = "28 - RenderToTextures", "Examples (netcore)\28 - RenderToTextures\28 - RenderToTextures.fsproj", "{BF9A36CD-ADBA-4065-9A2E-5C88CD4D8437}"
EndProject
Project("{6EC3EE1D-3C4E-46DD-8F32-0CC8E7565705}") = "06 - MemoryLeakTest", "Scratch (net471)\06 - MemoryLeakTest\06 - MemoryLeakTest.fsproj", "{BEF94C26-C273-4A14-825F-BB5FD1CB97C0}"
EndProject
Project("{6EC3EE1D-3C4E-46DD-8F32-0CC8E7565705}") = "07 - RenderTaskCustom", "Scratch (net471)\07 - RenderTaskCustom\07 - RenderTaskCustom.fsproj", "{76B55D47-C3AD-4C48-BFF7-28F4A2FC62CF}"
EndProject
Project("{6EC3EE1D-3C4E-46DD-8F32-0CC8E7565705}") = "09 - TextTrafoTest", "Scratch (netcore)\09 - TextTrafoTest\09 - TextTrafoTest.fsproj", "{A21CA003-4F6F-4701-9EB8-899B250FE7CC}"
EndProject
Project("{6EC3EE1D-3C4E-46DD-8F32-0CC8E7565705}") = "09 - MappedBufferPerformance", "Scratch (net471)\09 - MappedBufferPerformance\09 - MappedBufferPerformance.fsproj", "{FEB14F7F-7746-444B-A0F1-E5DE9992F7ED}"
EndProject
Global
	GlobalSection(ExtensibilityGlobals) = postSolution
		SolutionGuid  = {C41172B9-09C3-4327-8CE2-CB47CBAA29AC}
	EndGlobalSection
	GlobalSection(NestedProjects) = preSolution
		{B62067AC-B64E-4386-8C5C-E1A148FB477D} = {5E3312C4-1B3C-4D41-964C-C3A3E01DA966}
		{439C0269-9679-4AFF-BDA5-7ECAD9A9D678} = {29CA9CA1-CC31-4B5D-8DB0-2FEA748C09D8}
		{08096727-9A9B-4AD0-8A40-B42BFDDCE731} = {29CA9CA1-CC31-4B5D-8DB0-2FEA748C09D8}
		{9CDE6170-5BEA-4BE7-814A-C134B4530E6C} = {29CA9CA1-CC31-4B5D-8DB0-2FEA748C09D8}
		{627A635E-2C40-49EE-BBBF-46FABA90C941} = {ACAD9454-10F3-4673-BC50-BD1B50A04D3B}
		{333848F1-0D67-4D85-8EA3-814253A0E47C} = {ACAD9454-10F3-4673-BC50-BD1B50A04D3B}
		{DFEF8B29-F9BF-4186-B87C-EA261E24C10F} = {29CA9CA1-CC31-4B5D-8DB0-2FEA748C09D8}
		{B869D116-33D0-48E1-9C62-79D9AFFC7F65} = {5E3312C4-1B3C-4D41-964C-C3A3E01DA966}
		{2F1B94FB-FAD2-4551-9406-E88506AAFB91} = {5E3312C4-1B3C-4D41-964C-C3A3E01DA966}
		{A472871F-9474-4C26-A233-82C4E042EFC8} = {5E3312C4-1B3C-4D41-964C-C3A3E01DA966}
		{3C6DA164-D7E2-4EA4-BCD6-A582A5E377B0} = {5E3312C4-1B3C-4D41-964C-C3A3E01DA966}
		{08B6A305-2871-4C31-928B-DEC830A960DD} = {29CA9CA1-CC31-4B5D-8DB0-2FEA748C09D8}
		{4EADF9F3-B0D1-48D4-84CC-08DD3BCFC75B} = {5E3312C4-1B3C-4D41-964C-C3A3E01DA966}
		{C4C8EEEB-0592-45C6-8CAA-D31AFAE556F8} = {5E3312C4-1B3C-4D41-964C-C3A3E01DA966}
		{D74EC8E0-0901-4B4A-8CE5-4F8DCC542C56} = {29CA9CA1-CC31-4B5D-8DB0-2FEA748C09D8}
		{015672E1-0260-4374-83D1-97210F52FB4C} = {5E3312C4-1B3C-4D41-964C-C3A3E01DA966}
		{86B49AE2-55FA-42E4-9DE7-B4AD3D3A79AB} = {5E3312C4-1B3C-4D41-964C-C3A3E01DA966}
		{227587AA-4E5F-4AB6-887A-471DC887131E} = {5E3312C4-1B3C-4D41-964C-C3A3E01DA966}
		{61C4E66D-887B-4AD5-831D-AEDCE7F67CB7} = {5E3312C4-1B3C-4D41-964C-C3A3E01DA966}
		{023D65B5-26C5-4887-82DC-0F622966DABB} = {5E3312C4-1B3C-4D41-964C-C3A3E01DA966}
		{9A3BD9B8-9942-40B5-BC90-F4D14FE766CB} = {5E3312C4-1B3C-4D41-964C-C3A3E01DA966}
		{3E7A4330-FB2B-4899-9B44-6FECF67A629F} = {5E3312C4-1B3C-4D41-964C-C3A3E01DA966}
		{02ED0B81-E99A-45DE-923A-862D66D318C0} = {5E3312C4-1B3C-4D41-964C-C3A3E01DA966}
		{6EFF89F1-0DFE-4346-9473-31A0A233F943} = {5E3312C4-1B3C-4D41-964C-C3A3E01DA966}
		{B24882D0-E4FC-45A3-A5F0-DF6D2B0E01BA} = {5E3312C4-1B3C-4D41-964C-C3A3E01DA966}
		{2DE51C61-A2DE-43F6-B047-F428E2608089} = {5E3312C4-1B3C-4D41-964C-C3A3E01DA966}
		{0C75D556-1B56-42B7-B399-9E4C7BE0D83F} = {5E3312C4-1B3C-4D41-964C-C3A3E01DA966}
		{CFFF9E2D-5C66-494F-AB20-DD5047DAD8B9} = {5E3312C4-1B3C-4D41-964C-C3A3E01DA966}
		{AE1BA94B-B2F3-4A74-9748-4576440E0337} = {5E3312C4-1B3C-4D41-964C-C3A3E01DA966}
		{21A147AA-3100-439F-8E7A-5591F4995D17} = {5E3312C4-1B3C-4D41-964C-C3A3E01DA966}
		{E3508B1C-592C-4E8E-98F3-71DBEC6083DA} = {2993E291-DFD2-4AB6-9E3B-B7F66015C914}
		{4F645DE6-6D22-4BAD-8489-C1F8456E3D55} = {2993E291-DFD2-4AB6-9E3B-B7F66015C914}
		{B1D5938D-AB5D-4D0E-8DDE-482EF5308F16} = {2993E291-DFD2-4AB6-9E3B-B7F66015C914}
		{D8ADA249-0CB6-4BDE-9AE7-DBBDB6C3812A} = {2993E291-DFD2-4AB6-9E3B-B7F66015C914}
		{993CF671-5810-44D9-85D8-A35F5EE16F8F} = {2993E291-DFD2-4AB6-9E3B-B7F66015C914}
		{63DCF027-1892-44B9-AF14-1FFF8005617C} = {C664AC25-597F-470A-854B-045CD7E59CE2}
		{EBC7AF0C-DFDC-49C0-9939-630EEAB06C73} = {80F74456-D82F-4D38-83FE-362EFD0C2FCB}
		{6C943F93-9A9A-4A57-9A75-A235A3443C22} = {C664AC25-597F-470A-854B-045CD7E59CE2}
		{79D48400-F885-461A-B747-E3675A7EF2EF} = {C664AC25-597F-470A-854B-045CD7E59CE2}
		{99DD80B4-B1B8-4042-BEEA-B3A7FD617242} = {2993E291-DFD2-4AB6-9E3B-B7F66015C914}
		{7AAAC578-443F-4120-BA74-3732CCE920E8} = {2993E291-DFD2-4AB6-9E3B-B7F66015C914}
		{FB047D5E-D49A-462E-BAA0-B058CE06CFC9} = {2993E291-DFD2-4AB6-9E3B-B7F66015C914}
		{586B6699-E349-4173-BB3F-6DA125EFFFDA} = {5E3312C4-1B3C-4D41-964C-C3A3E01DA966}
		{3322678A-22DA-4C84-B2BF-33B0D2F8C80C} = {2993E291-DFD2-4AB6-9E3B-B7F66015C914}
		{BDFCAB13-3D52-4373-94ED-9E2F493EB89E} = {5E3312C4-1B3C-4D41-964C-C3A3E01DA966}
		{CDDB9BC3-C264-4C51-BD40-4B98E50F0297} = {5E3312C4-1B3C-4D41-964C-C3A3E01DA966}
		{57D366A4-399B-4FEB-B061-AC92A1089DE5} = {5E3312C4-1B3C-4D41-964C-C3A3E01DA966}
		{77F11E0A-4BB2-4402-B339-B4772D2A4EF6} = {2993E291-DFD2-4AB6-9E3B-B7F66015C914}
		{F8E2E201-39EC-4000-B3E7-E317016FA807} = {2993E291-DFD2-4AB6-9E3B-B7F66015C914}
		{72A7471E-7BF7-41BD-A654-0DC904B49D1F} = {2993E291-DFD2-4AB6-9E3B-B7F66015C914}
		{77AF53B0-FE23-4DE2-B218-5726B295F6BD} = {2993E291-DFD2-4AB6-9E3B-B7F66015C914}
		{2C25EACD-8E56-4BE5-8BB7-0CB9ED004096} = {5E3312C4-1B3C-4D41-964C-C3A3E01DA966}
		{73D82892-93D0-402C-B561-F25B5D1804B0} = {29CA9CA1-CC31-4B5D-8DB0-2FEA748C09D8}
		{11C99149-C563-4EA9-8B43-985554E2ABE7} = {29CA9CA1-CC31-4B5D-8DB0-2FEA748C09D8}
		{09AC089B-878F-44F1-83C3-7889654C666E} = {29CA9CA1-CC31-4B5D-8DB0-2FEA748C09D8}
		{0D5B9ADB-7EFE-44ED-BB73-FB232B74F17C} = {0C4B4E0F-315B-4F93-BFCE-CAE5003FB82B}
		{9AEFCF2E-C8BC-42A7-A9AA-13CF6DEF8AA7} = {29CA9CA1-CC31-4B5D-8DB0-2FEA748C09D8}
		{BF9A36CD-ADBA-4065-9A2E-5C88CD4D8437} = {5E3312C4-1B3C-4D41-964C-C3A3E01DA966}
		{BEF94C26-C273-4A14-825F-BB5FD1CB97C0} = {ACAD9454-10F3-4673-BC50-BD1B50A04D3B}
		{76B55D47-C3AD-4C48-BFF7-28F4A2FC62CF} = {ACAD9454-10F3-4673-BC50-BD1B50A04D3B}
		{A21CA003-4F6F-4701-9EB8-899B250FE7CC} = {29CA9CA1-CC31-4B5D-8DB0-2FEA748C09D8}
		{FEB14F7F-7746-444B-A0F1-E5DE9992F7ED} = {ACAD9454-10F3-4673-BC50-BD1B50A04D3B}
	EndGlobalSection
	GlobalSection(ProjectConfigurationPlatforms) = postSolution
		{B62067AC-B64E-4386-8C5C-E1A148FB477D}.Debug|Any CPU.ActiveCfg = Debug|Any CPU
		{B62067AC-B64E-4386-8C5C-E1A148FB477D}.Debug|Any CPU.Build.0 = Debug|Any CPU
		{B62067AC-B64E-4386-8C5C-E1A148FB477D}.Release|Any CPU.ActiveCfg = Release|Any CPU
		{B62067AC-B64E-4386-8C5C-E1A148FB477D}.Release|Any CPU.Build.0 = Release|Any CPU
		{439C0269-9679-4AFF-BDA5-7ECAD9A9D678}.Debug|Any CPU.ActiveCfg = Debug|Any CPU
		{439C0269-9679-4AFF-BDA5-7ECAD9A9D678}.Debug|Any CPU.Build.0 = Debug|Any CPU
		{439C0269-9679-4AFF-BDA5-7ECAD9A9D678}.Release|Any CPU.ActiveCfg = Release|Any CPU
		{439C0269-9679-4AFF-BDA5-7ECAD9A9D678}.Release|Any CPU.Build.0 = Release|Any CPU
		{08096727-9A9B-4AD0-8A40-B42BFDDCE731}.Debug|Any CPU.ActiveCfg = Debug|Any CPU
		{08096727-9A9B-4AD0-8A40-B42BFDDCE731}.Debug|Any CPU.Build.0 = Debug|Any CPU
		{08096727-9A9B-4AD0-8A40-B42BFDDCE731}.Release|Any CPU.ActiveCfg = Release|Any CPU
		{08096727-9A9B-4AD0-8A40-B42BFDDCE731}.Release|Any CPU.Build.0 = Release|Any CPU
		{9CDE6170-5BEA-4BE7-814A-C134B4530E6C}.Debug|Any CPU.ActiveCfg = Debug|Any CPU
		{9CDE6170-5BEA-4BE7-814A-C134B4530E6C}.Debug|Any CPU.Build.0 = Debug|Any CPU
		{9CDE6170-5BEA-4BE7-814A-C134B4530E6C}.Release|Any CPU.ActiveCfg = Release|Any CPU
		{9CDE6170-5BEA-4BE7-814A-C134B4530E6C}.Release|Any CPU.Build.0 = Release|Any CPU
		{627A635E-2C40-49EE-BBBF-46FABA90C941}.Debug|Any CPU.ActiveCfg = Debug|Any CPU
		{627A635E-2C40-49EE-BBBF-46FABA90C941}.Debug|Any CPU.Build.0 = Debug|Any CPU
		{627A635E-2C40-49EE-BBBF-46FABA90C941}.Release|Any CPU.ActiveCfg = Release|Any CPU
		{627A635E-2C40-49EE-BBBF-46FABA90C941}.Release|Any CPU.Build.0 = Release|Any CPU
		{333848F1-0D67-4D85-8EA3-814253A0E47C}.Debug|Any CPU.ActiveCfg = Debug|Any CPU
		{333848F1-0D67-4D85-8EA3-814253A0E47C}.Debug|Any CPU.Build.0 = Debug|Any CPU
		{333848F1-0D67-4D85-8EA3-814253A0E47C}.Release|Any CPU.ActiveCfg = Release|Any CPU
		{333848F1-0D67-4D85-8EA3-814253A0E47C}.Release|Any CPU.Build.0 = Release|Any CPU
		{DFEF8B29-F9BF-4186-B87C-EA261E24C10F}.Debug|Any CPU.ActiveCfg = Debug|Any CPU
		{DFEF8B29-F9BF-4186-B87C-EA261E24C10F}.Debug|Any CPU.Build.0 = Debug|Any CPU
		{DFEF8B29-F9BF-4186-B87C-EA261E24C10F}.Release|Any CPU.ActiveCfg = Release|Any CPU
		{DFEF8B29-F9BF-4186-B87C-EA261E24C10F}.Release|Any CPU.Build.0 = Release|Any CPU
		{B869D116-33D0-48E1-9C62-79D9AFFC7F65}.Debug|Any CPU.ActiveCfg = Debug|Any CPU
		{B869D116-33D0-48E1-9C62-79D9AFFC7F65}.Debug|Any CPU.Build.0 = Debug|Any CPU
		{B869D116-33D0-48E1-9C62-79D9AFFC7F65}.Release|Any CPU.ActiveCfg = Release|Any CPU
		{B869D116-33D0-48E1-9C62-79D9AFFC7F65}.Release|Any CPU.Build.0 = Release|Any CPU
		{2F1B94FB-FAD2-4551-9406-E88506AAFB91}.Debug|Any CPU.ActiveCfg = Debug|Any CPU
		{2F1B94FB-FAD2-4551-9406-E88506AAFB91}.Debug|Any CPU.Build.0 = Debug|Any CPU
		{2F1B94FB-FAD2-4551-9406-E88506AAFB91}.Release|Any CPU.ActiveCfg = Release|Any CPU
		{2F1B94FB-FAD2-4551-9406-E88506AAFB91}.Release|Any CPU.Build.0 = Release|Any CPU
		{A472871F-9474-4C26-A233-82C4E042EFC8}.Debug|Any CPU.ActiveCfg = Debug|Any CPU
		{A472871F-9474-4C26-A233-82C4E042EFC8}.Debug|Any CPU.Build.0 = Debug|Any CPU
		{A472871F-9474-4C26-A233-82C4E042EFC8}.Release|Any CPU.ActiveCfg = Release|Any CPU
		{A472871F-9474-4C26-A233-82C4E042EFC8}.Release|Any CPU.Build.0 = Release|Any CPU
		{3C6DA164-D7E2-4EA4-BCD6-A582A5E377B0}.Debug|Any CPU.ActiveCfg = Debug|Any CPU
		{3C6DA164-D7E2-4EA4-BCD6-A582A5E377B0}.Debug|Any CPU.Build.0 = Debug|Any CPU
		{3C6DA164-D7E2-4EA4-BCD6-A582A5E377B0}.Release|Any CPU.ActiveCfg = Release|Any CPU
		{3C6DA164-D7E2-4EA4-BCD6-A582A5E377B0}.Release|Any CPU.Build.0 = Release|Any CPU
		{08B6A305-2871-4C31-928B-DEC830A960DD}.Debug|Any CPU.ActiveCfg = Debug|Any CPU
		{08B6A305-2871-4C31-928B-DEC830A960DD}.Debug|Any CPU.Build.0 = Debug|Any CPU
		{08B6A305-2871-4C31-928B-DEC830A960DD}.Release|Any CPU.ActiveCfg = Release|Any CPU
		{08B6A305-2871-4C31-928B-DEC830A960DD}.Release|Any CPU.Build.0 = Release|Any CPU
		{4EADF9F3-B0D1-48D4-84CC-08DD3BCFC75B}.Debug|Any CPU.ActiveCfg = Debug|Any CPU
		{4EADF9F3-B0D1-48D4-84CC-08DD3BCFC75B}.Debug|Any CPU.Build.0 = Debug|Any CPU
		{4EADF9F3-B0D1-48D4-84CC-08DD3BCFC75B}.Release|Any CPU.ActiveCfg = Release|Any CPU
		{4EADF9F3-B0D1-48D4-84CC-08DD3BCFC75B}.Release|Any CPU.Build.0 = Release|Any CPU
		{C4C8EEEB-0592-45C6-8CAA-D31AFAE556F8}.Debug|Any CPU.ActiveCfg = Debug|Any CPU
		{C4C8EEEB-0592-45C6-8CAA-D31AFAE556F8}.Debug|Any CPU.Build.0 = Debug|Any CPU
		{C4C8EEEB-0592-45C6-8CAA-D31AFAE556F8}.Release|Any CPU.ActiveCfg = Release|Any CPU
		{C4C8EEEB-0592-45C6-8CAA-D31AFAE556F8}.Release|Any CPU.Build.0 = Release|Any CPU
		{D74EC8E0-0901-4B4A-8CE5-4F8DCC542C56}.Debug|Any CPU.ActiveCfg = Debug|Any CPU
		{D74EC8E0-0901-4B4A-8CE5-4F8DCC542C56}.Debug|Any CPU.Build.0 = Debug|Any CPU
		{D74EC8E0-0901-4B4A-8CE5-4F8DCC542C56}.Release|Any CPU.ActiveCfg = Release|Any CPU
		{D74EC8E0-0901-4B4A-8CE5-4F8DCC542C56}.Release|Any CPU.Build.0 = Release|Any CPU
		{015672E1-0260-4374-83D1-97210F52FB4C}.Debug|Any CPU.ActiveCfg = Debug|Any CPU
		{015672E1-0260-4374-83D1-97210F52FB4C}.Debug|Any CPU.Build.0 = Debug|Any CPU
		{015672E1-0260-4374-83D1-97210F52FB4C}.Release|Any CPU.ActiveCfg = Release|Any CPU
		{015672E1-0260-4374-83D1-97210F52FB4C}.Release|Any CPU.Build.0 = Release|Any CPU
		{86B49AE2-55FA-42E4-9DE7-B4AD3D3A79AB}.Debug|Any CPU.ActiveCfg = Debug|Any CPU
		{86B49AE2-55FA-42E4-9DE7-B4AD3D3A79AB}.Debug|Any CPU.Build.0 = Debug|Any CPU
		{86B49AE2-55FA-42E4-9DE7-B4AD3D3A79AB}.Release|Any CPU.ActiveCfg = Release|Any CPU
		{86B49AE2-55FA-42E4-9DE7-B4AD3D3A79AB}.Release|Any CPU.Build.0 = Release|Any CPU
		{227587AA-4E5F-4AB6-887A-471DC887131E}.Debug|Any CPU.ActiveCfg = Debug|Any CPU
		{227587AA-4E5F-4AB6-887A-471DC887131E}.Debug|Any CPU.Build.0 = Debug|Any CPU
		{227587AA-4E5F-4AB6-887A-471DC887131E}.Release|Any CPU.ActiveCfg = Release|Any CPU
		{227587AA-4E5F-4AB6-887A-471DC887131E}.Release|Any CPU.Build.0 = Release|Any CPU
		{61C4E66D-887B-4AD5-831D-AEDCE7F67CB7}.Debug|Any CPU.ActiveCfg = Debug|Any CPU
		{61C4E66D-887B-4AD5-831D-AEDCE7F67CB7}.Debug|Any CPU.Build.0 = Debug|Any CPU
		{61C4E66D-887B-4AD5-831D-AEDCE7F67CB7}.Release|Any CPU.ActiveCfg = Release|Any CPU
		{61C4E66D-887B-4AD5-831D-AEDCE7F67CB7}.Release|Any CPU.Build.0 = Release|Any CPU
		{023D65B5-26C5-4887-82DC-0F622966DABB}.Debug|Any CPU.ActiveCfg = Debug|Any CPU
		{023D65B5-26C5-4887-82DC-0F622966DABB}.Debug|Any CPU.Build.0 = Debug|Any CPU
		{023D65B5-26C5-4887-82DC-0F622966DABB}.Release|Any CPU.ActiveCfg = Release|Any CPU
		{023D65B5-26C5-4887-82DC-0F622966DABB}.Release|Any CPU.Build.0 = Release|Any CPU
		{9A3BD9B8-9942-40B5-BC90-F4D14FE766CB}.Debug|Any CPU.ActiveCfg = Debug|Any CPU
		{9A3BD9B8-9942-40B5-BC90-F4D14FE766CB}.Debug|Any CPU.Build.0 = Debug|Any CPU
		{9A3BD9B8-9942-40B5-BC90-F4D14FE766CB}.Release|Any CPU.ActiveCfg = Release|Any CPU
		{9A3BD9B8-9942-40B5-BC90-F4D14FE766CB}.Release|Any CPU.Build.0 = Release|Any CPU
		{3E7A4330-FB2B-4899-9B44-6FECF67A629F}.Debug|Any CPU.ActiveCfg = Debug|Any CPU
		{3E7A4330-FB2B-4899-9B44-6FECF67A629F}.Debug|Any CPU.Build.0 = Debug|Any CPU
		{3E7A4330-FB2B-4899-9B44-6FECF67A629F}.Release|Any CPU.ActiveCfg = Release|Any CPU
		{3E7A4330-FB2B-4899-9B44-6FECF67A629F}.Release|Any CPU.Build.0 = Release|Any CPU
		{02ED0B81-E99A-45DE-923A-862D66D318C0}.Debug|Any CPU.ActiveCfg = Debug|Any CPU
		{02ED0B81-E99A-45DE-923A-862D66D318C0}.Debug|Any CPU.Build.0 = Debug|Any CPU
		{02ED0B81-E99A-45DE-923A-862D66D318C0}.Release|Any CPU.ActiveCfg = Release|Any CPU
		{02ED0B81-E99A-45DE-923A-862D66D318C0}.Release|Any CPU.Build.0 = Release|Any CPU
		{6EFF89F1-0DFE-4346-9473-31A0A233F943}.Debug|Any CPU.ActiveCfg = Debug|Any CPU
		{6EFF89F1-0DFE-4346-9473-31A0A233F943}.Debug|Any CPU.Build.0 = Debug|Any CPU
		{6EFF89F1-0DFE-4346-9473-31A0A233F943}.Release|Any CPU.ActiveCfg = Release|Any CPU
		{6EFF89F1-0DFE-4346-9473-31A0A233F943}.Release|Any CPU.Build.0 = Release|Any CPU
		{B24882D0-E4FC-45A3-A5F0-DF6D2B0E01BA}.Debug|Any CPU.ActiveCfg = Debug|Any CPU
		{B24882D0-E4FC-45A3-A5F0-DF6D2B0E01BA}.Debug|Any CPU.Build.0 = Debug|Any CPU
		{B24882D0-E4FC-45A3-A5F0-DF6D2B0E01BA}.Release|Any CPU.ActiveCfg = Release|Any CPU
		{B24882D0-E4FC-45A3-A5F0-DF6D2B0E01BA}.Release|Any CPU.Build.0 = Release|Any CPU
		{2DE51C61-A2DE-43F6-B047-F428E2608089}.Debug|Any CPU.ActiveCfg = Debug|Any CPU
		{2DE51C61-A2DE-43F6-B047-F428E2608089}.Debug|Any CPU.Build.0 = Debug|Any CPU
		{2DE51C61-A2DE-43F6-B047-F428E2608089}.Release|Any CPU.ActiveCfg = Release|Any CPU
		{2DE51C61-A2DE-43F6-B047-F428E2608089}.Release|Any CPU.Build.0 = Release|Any CPU
		{0C75D556-1B56-42B7-B399-9E4C7BE0D83F}.Debug|Any CPU.ActiveCfg = Debug|Any CPU
		{0C75D556-1B56-42B7-B399-9E4C7BE0D83F}.Debug|Any CPU.Build.0 = Debug|Any CPU
		{0C75D556-1B56-42B7-B399-9E4C7BE0D83F}.Release|Any CPU.ActiveCfg = Release|Any CPU
		{0C75D556-1B56-42B7-B399-9E4C7BE0D83F}.Release|Any CPU.Build.0 = Release|Any CPU
		{CFFF9E2D-5C66-494F-AB20-DD5047DAD8B9}.Debug|Any CPU.ActiveCfg = Debug|Any CPU
		{CFFF9E2D-5C66-494F-AB20-DD5047DAD8B9}.Debug|Any CPU.Build.0 = Debug|Any CPU
		{CFFF9E2D-5C66-494F-AB20-DD5047DAD8B9}.Release|Any CPU.ActiveCfg = Release|Any CPU
		{CFFF9E2D-5C66-494F-AB20-DD5047DAD8B9}.Release|Any CPU.Build.0 = Release|Any CPU
		{AE1BA94B-B2F3-4A74-9748-4576440E0337}.Debug|Any CPU.ActiveCfg = Debug|Any CPU
		{AE1BA94B-B2F3-4A74-9748-4576440E0337}.Debug|Any CPU.Build.0 = Debug|Any CPU
		{AE1BA94B-B2F3-4A74-9748-4576440E0337}.Release|Any CPU.ActiveCfg = Release|Any CPU
		{AE1BA94B-B2F3-4A74-9748-4576440E0337}.Release|Any CPU.Build.0 = Release|Any CPU
		{21A147AA-3100-439F-8E7A-5591F4995D17}.Debug|Any CPU.ActiveCfg = Debug|Any CPU
		{21A147AA-3100-439F-8E7A-5591F4995D17}.Debug|Any CPU.Build.0 = Debug|Any CPU
		{21A147AA-3100-439F-8E7A-5591F4995D17}.Release|Any CPU.ActiveCfg = Release|Any CPU
		{21A147AA-3100-439F-8E7A-5591F4995D17}.Release|Any CPU.Build.0 = Release|Any CPU
		{F8233648-55CE-4795-9151-E512390D86E7}.Debug|Any CPU.ActiveCfg = Debug|Any CPU
		{F8233648-55CE-4795-9151-E512390D86E7}.Debug|Any CPU.Build.0 = Debug|Any CPU
		{F8233648-55CE-4795-9151-E512390D86E7}.Release|Any CPU.ActiveCfg = Release|Any CPU
		{F8233648-55CE-4795-9151-E512390D86E7}.Release|Any CPU.Build.0 = Release|Any CPU
		{88B586F5-A5E2-4321-BD5D-27D296DA0FDD}.Debug|Any CPU.ActiveCfg = Debug|Any CPU
		{88B586F5-A5E2-4321-BD5D-27D296DA0FDD}.Debug|Any CPU.Build.0 = Debug|Any CPU
		{88B586F5-A5E2-4321-BD5D-27D296DA0FDD}.Release|Any CPU.ActiveCfg = Release|Any CPU
		{88B586F5-A5E2-4321-BD5D-27D296DA0FDD}.Release|Any CPU.Build.0 = Release|Any CPU
		{B9EF48E4-7E73-4DDF-805A-D7324D907CB8}.Debug|Any CPU.ActiveCfg = Debug|Any CPU
		{B9EF48E4-7E73-4DDF-805A-D7324D907CB8}.Debug|Any CPU.Build.0 = Debug|Any CPU
		{B9EF48E4-7E73-4DDF-805A-D7324D907CB8}.Release|Any CPU.ActiveCfg = Release|Any CPU
		{B9EF48E4-7E73-4DDF-805A-D7324D907CB8}.Release|Any CPU.Build.0 = Release|Any CPU
		{E3508B1C-592C-4E8E-98F3-71DBEC6083DA}.Debug|Any CPU.ActiveCfg = Debug|Any CPU
		{E3508B1C-592C-4E8E-98F3-71DBEC6083DA}.Debug|Any CPU.Build.0 = Debug|Any CPU
		{E3508B1C-592C-4E8E-98F3-71DBEC6083DA}.Release|Any CPU.ActiveCfg = Release|Any CPU
		{E3508B1C-592C-4E8E-98F3-71DBEC6083DA}.Release|Any CPU.Build.0 = Release|Any CPU
		{4F645DE6-6D22-4BAD-8489-C1F8456E3D55}.Debug|Any CPU.ActiveCfg = Debug|Any CPU
		{4F645DE6-6D22-4BAD-8489-C1F8456E3D55}.Debug|Any CPU.Build.0 = Debug|Any CPU
		{4F645DE6-6D22-4BAD-8489-C1F8456E3D55}.Release|Any CPU.ActiveCfg = Release|Any CPU
		{4F645DE6-6D22-4BAD-8489-C1F8456E3D55}.Release|Any CPU.Build.0 = Release|Any CPU
		{B1D5938D-AB5D-4D0E-8DDE-482EF5308F16}.Debug|Any CPU.ActiveCfg = Debug|Any CPU
		{B1D5938D-AB5D-4D0E-8DDE-482EF5308F16}.Debug|Any CPU.Build.0 = Debug|Any CPU
		{B1D5938D-AB5D-4D0E-8DDE-482EF5308F16}.Release|Any CPU.ActiveCfg = Release|Any CPU
		{B1D5938D-AB5D-4D0E-8DDE-482EF5308F16}.Release|Any CPU.Build.0 = Release|Any CPU
		{D8ADA249-0CB6-4BDE-9AE7-DBBDB6C3812A}.Debug|Any CPU.ActiveCfg = Debug|Any CPU
		{D8ADA249-0CB6-4BDE-9AE7-DBBDB6C3812A}.Debug|Any CPU.Build.0 = Debug|Any CPU
		{D8ADA249-0CB6-4BDE-9AE7-DBBDB6C3812A}.Release|Any CPU.ActiveCfg = Release|Any CPU
		{D8ADA249-0CB6-4BDE-9AE7-DBBDB6C3812A}.Release|Any CPU.Build.0 = Release|Any CPU
		{993CF671-5810-44D9-85D8-A35F5EE16F8F}.Debug|Any CPU.ActiveCfg = Debug|Any CPU
		{993CF671-5810-44D9-85D8-A35F5EE16F8F}.Debug|Any CPU.Build.0 = Debug|Any CPU
		{993CF671-5810-44D9-85D8-A35F5EE16F8F}.Release|Any CPU.ActiveCfg = Release|Any CPU
		{993CF671-5810-44D9-85D8-A35F5EE16F8F}.Release|Any CPU.Build.0 = Release|Any CPU
		{63DCF027-1892-44B9-AF14-1FFF8005617C}.Debug|Any CPU.ActiveCfg = Debug|Any CPU
		{63DCF027-1892-44B9-AF14-1FFF8005617C}.Debug|Any CPU.Build.0 = Debug|Any CPU
		{63DCF027-1892-44B9-AF14-1FFF8005617C}.Release|Any CPU.ActiveCfg = Release|Any CPU
		{63DCF027-1892-44B9-AF14-1FFF8005617C}.Release|Any CPU.Build.0 = Release|Any CPU
		{EBC7AF0C-DFDC-49C0-9939-630EEAB06C73}.Debug|Any CPU.ActiveCfg = Debug|Any CPU
		{EBC7AF0C-DFDC-49C0-9939-630EEAB06C73}.Debug|Any CPU.Build.0 = Debug|Any CPU
		{EBC7AF0C-DFDC-49C0-9939-630EEAB06C73}.Release|Any CPU.ActiveCfg = Release|Any CPU
		{EBC7AF0C-DFDC-49C0-9939-630EEAB06C73}.Release|Any CPU.Build.0 = Release|Any CPU
		{6C943F93-9A9A-4A57-9A75-A235A3443C22}.Debug|Any CPU.ActiveCfg = Debug|Any CPU
		{6C943F93-9A9A-4A57-9A75-A235A3443C22}.Debug|Any CPU.Build.0 = Debug|Any CPU
		{6C943F93-9A9A-4A57-9A75-A235A3443C22}.Release|Any CPU.ActiveCfg = Release|Any CPU
		{6C943F93-9A9A-4A57-9A75-A235A3443C22}.Release|Any CPU.Build.0 = Release|Any CPU
		{79D48400-F885-461A-B747-E3675A7EF2EF}.Debug|Any CPU.ActiveCfg = Debug|Any CPU
		{79D48400-F885-461A-B747-E3675A7EF2EF}.Debug|Any CPU.Build.0 = Debug|Any CPU
		{79D48400-F885-461A-B747-E3675A7EF2EF}.Release|Any CPU.ActiveCfg = Release|Any CPU
		{79D48400-F885-461A-B747-E3675A7EF2EF}.Release|Any CPU.Build.0 = Release|Any CPU
		{FB0C63A7-519A-4FCC-9A4B-841AEE5B8C97}.Debug|Any CPU.ActiveCfg = Debug|Any CPU
		{FB0C63A7-519A-4FCC-9A4B-841AEE5B8C97}.Debug|Any CPU.Build.0 = Debug|Any CPU
		{FB0C63A7-519A-4FCC-9A4B-841AEE5B8C97}.Release|Any CPU.ActiveCfg = Release|Any CPU
		{FB0C63A7-519A-4FCC-9A4B-841AEE5B8C97}.Release|Any CPU.Build.0 = Release|Any CPU
		{D7B02E89-DC77-462D-A3D4-A28DAA403AAF}.Debug|Any CPU.ActiveCfg = Debug|Any CPU
		{D7B02E89-DC77-462D-A3D4-A28DAA403AAF}.Debug|Any CPU.Build.0 = Debug|Any CPU
		{D7B02E89-DC77-462D-A3D4-A28DAA403AAF}.Release|Any CPU.ActiveCfg = Release|Any CPU
		{D7B02E89-DC77-462D-A3D4-A28DAA403AAF}.Release|Any CPU.Build.0 = Release|Any CPU
		{8BBC1EF6-9C85-4BAF-A732-FC46DCA64EC3}.Debug|Any CPU.ActiveCfg = Debug|Any CPU
		{8BBC1EF6-9C85-4BAF-A732-FC46DCA64EC3}.Debug|Any CPU.Build.0 = Debug|Any CPU
		{8BBC1EF6-9C85-4BAF-A732-FC46DCA64EC3}.Release|Any CPU.ActiveCfg = Release|Any CPU
		{8BBC1EF6-9C85-4BAF-A732-FC46DCA64EC3}.Release|Any CPU.Build.0 = Release|Any CPU
		{99DD80B4-B1B8-4042-BEEA-B3A7FD617242}.Debug|Any CPU.ActiveCfg = Debug|Any CPU
		{99DD80B4-B1B8-4042-BEEA-B3A7FD617242}.Debug|Any CPU.Build.0 = Debug|Any CPU
		{99DD80B4-B1B8-4042-BEEA-B3A7FD617242}.Release|Any CPU.ActiveCfg = Release|Any CPU
		{99DD80B4-B1B8-4042-BEEA-B3A7FD617242}.Release|Any CPU.Build.0 = Release|Any CPU
		{7AAAC578-443F-4120-BA74-3732CCE920E8}.Debug|Any CPU.ActiveCfg = Debug|Any CPU
		{7AAAC578-443F-4120-BA74-3732CCE920E8}.Debug|Any CPU.Build.0 = Debug|Any CPU
		{7AAAC578-443F-4120-BA74-3732CCE920E8}.Release|Any CPU.ActiveCfg = Release|Any CPU
		{7AAAC578-443F-4120-BA74-3732CCE920E8}.Release|Any CPU.Build.0 = Release|Any CPU
		{FB047D5E-D49A-462E-BAA0-B058CE06CFC9}.Debug|Any CPU.ActiveCfg = Debug|Any CPU
		{FB047D5E-D49A-462E-BAA0-B058CE06CFC9}.Debug|Any CPU.Build.0 = Debug|Any CPU
		{FB047D5E-D49A-462E-BAA0-B058CE06CFC9}.Release|Any CPU.ActiveCfg = Release|Any CPU
		{FB047D5E-D49A-462E-BAA0-B058CE06CFC9}.Release|Any CPU.Build.0 = Release|Any CPU
		{68E3B876-EB23-4D61-A71F-EF35A146F276}.Debug|Any CPU.ActiveCfg = Debug|Any CPU
		{68E3B876-EB23-4D61-A71F-EF35A146F276}.Debug|Any CPU.Build.0 = Debug|Any CPU
		{68E3B876-EB23-4D61-A71F-EF35A146F276}.Release|Any CPU.ActiveCfg = Release|Any CPU
		{68E3B876-EB23-4D61-A71F-EF35A146F276}.Release|Any CPU.Build.0 = Release|Any CPU
		{586B6699-E349-4173-BB3F-6DA125EFFFDA}.Debug|Any CPU.ActiveCfg = Debug|Any CPU
		{586B6699-E349-4173-BB3F-6DA125EFFFDA}.Debug|Any CPU.Build.0 = Debug|Any CPU
		{586B6699-E349-4173-BB3F-6DA125EFFFDA}.Release|Any CPU.ActiveCfg = Release|Any CPU
		{586B6699-E349-4173-BB3F-6DA125EFFFDA}.Release|Any CPU.Build.0 = Release|Any CPU
		{3322678A-22DA-4C84-B2BF-33B0D2F8C80C}.Debug|Any CPU.ActiveCfg = Debug|Any CPU
		{3322678A-22DA-4C84-B2BF-33B0D2F8C80C}.Debug|Any CPU.Build.0 = Debug|Any CPU
		{3322678A-22DA-4C84-B2BF-33B0D2F8C80C}.Release|Any CPU.ActiveCfg = Release|Any CPU
		{3322678A-22DA-4C84-B2BF-33B0D2F8C80C}.Release|Any CPU.Build.0 = Release|Any CPU
		{BDFCAB13-3D52-4373-94ED-9E2F493EB89E}.Debug|Any CPU.ActiveCfg = Debug|Any CPU
		{BDFCAB13-3D52-4373-94ED-9E2F493EB89E}.Debug|Any CPU.Build.0 = Debug|Any CPU
		{BDFCAB13-3D52-4373-94ED-9E2F493EB89E}.Release|Any CPU.ActiveCfg = Release|Any CPU
		{BDFCAB13-3D52-4373-94ED-9E2F493EB89E}.Release|Any CPU.Build.0 = Release|Any CPU
		{CDDB9BC3-C264-4C51-BD40-4B98E50F0297}.Debug|Any CPU.ActiveCfg = Debug|Any CPU
		{CDDB9BC3-C264-4C51-BD40-4B98E50F0297}.Debug|Any CPU.Build.0 = Debug|Any CPU
		{CDDB9BC3-C264-4C51-BD40-4B98E50F0297}.Release|Any CPU.ActiveCfg = Release|Any CPU
		{CDDB9BC3-C264-4C51-BD40-4B98E50F0297}.Release|Any CPU.Build.0 = Release|Any CPU
		{57D366A4-399B-4FEB-B061-AC92A1089DE5}.Debug|Any CPU.ActiveCfg = Debug|Any CPU
		{57D366A4-399B-4FEB-B061-AC92A1089DE5}.Debug|Any CPU.Build.0 = Debug|Any CPU
		{57D366A4-399B-4FEB-B061-AC92A1089DE5}.Release|Any CPU.ActiveCfg = Release|Any CPU
		{57D366A4-399B-4FEB-B061-AC92A1089DE5}.Release|Any CPU.Build.0 = Release|Any CPU
		{77F11E0A-4BB2-4402-B339-B4772D2A4EF6}.Debug|Any CPU.ActiveCfg = Debug|Any CPU
		{77F11E0A-4BB2-4402-B339-B4772D2A4EF6}.Debug|Any CPU.Build.0 = Debug|Any CPU
		{77F11E0A-4BB2-4402-B339-B4772D2A4EF6}.Release|Any CPU.ActiveCfg = Release|Any CPU
		{77F11E0A-4BB2-4402-B339-B4772D2A4EF6}.Release|Any CPU.Build.0 = Release|Any CPU
		{F8E2E201-39EC-4000-B3E7-E317016FA807}.Debug|Any CPU.ActiveCfg = Debug|Any CPU
		{F8E2E201-39EC-4000-B3E7-E317016FA807}.Debug|Any CPU.Build.0 = Debug|Any CPU
		{F8E2E201-39EC-4000-B3E7-E317016FA807}.Release|Any CPU.ActiveCfg = Release|Any CPU
		{F8E2E201-39EC-4000-B3E7-E317016FA807}.Release|Any CPU.Build.0 = Release|Any CPU
		{6EE5993C-4404-40E3-B3E9-3D0A37FBC699}.Debug|Any CPU.ActiveCfg = Debug|Any CPU
		{6EE5993C-4404-40E3-B3E9-3D0A37FBC699}.Debug|Any CPU.Build.0 = Debug|Any CPU
		{6EE5993C-4404-40E3-B3E9-3D0A37FBC699}.Release|Any CPU.ActiveCfg = Release|Any CPU
		{6EE5993C-4404-40E3-B3E9-3D0A37FBC699}.Release|Any CPU.Build.0 = Release|Any CPU
		{72A7471E-7BF7-41BD-A654-0DC904B49D1F}.Debug|Any CPU.ActiveCfg = Debug|Any CPU
		{72A7471E-7BF7-41BD-A654-0DC904B49D1F}.Debug|Any CPU.Build.0 = Debug|Any CPU
		{72A7471E-7BF7-41BD-A654-0DC904B49D1F}.Release|Any CPU.ActiveCfg = Release|Any CPU
		{72A7471E-7BF7-41BD-A654-0DC904B49D1F}.Release|Any CPU.Build.0 = Release|Any CPU
		{77AF53B0-FE23-4DE2-B218-5726B295F6BD}.Debug|Any CPU.ActiveCfg = Debug|Any CPU
		{77AF53B0-FE23-4DE2-B218-5726B295F6BD}.Debug|Any CPU.Build.0 = Debug|Any CPU
		{77AF53B0-FE23-4DE2-B218-5726B295F6BD}.Release|Any CPU.ActiveCfg = Release|Any CPU
		{77AF53B0-FE23-4DE2-B218-5726B295F6BD}.Release|Any CPU.Build.0 = Release|Any CPU
		{2C25EACD-8E56-4BE5-8BB7-0CB9ED004096}.Debug|Any CPU.ActiveCfg = Debug|Any CPU
		{2C25EACD-8E56-4BE5-8BB7-0CB9ED004096}.Debug|Any CPU.Build.0 = Debug|Any CPU
		{2C25EACD-8E56-4BE5-8BB7-0CB9ED004096}.Release|Any CPU.ActiveCfg = Release|Any CPU
		{2C25EACD-8E56-4BE5-8BB7-0CB9ED004096}.Release|Any CPU.Build.0 = Release|Any CPU
		{97CF1A7D-9858-4552-8EBF-ADBD6FF68FFA}.Debug|Any CPU.ActiveCfg = Debug|Any CPU
		{97CF1A7D-9858-4552-8EBF-ADBD6FF68FFA}.Debug|Any CPU.Build.0 = Debug|Any CPU
		{97CF1A7D-9858-4552-8EBF-ADBD6FF68FFA}.Release|Any CPU.ActiveCfg = Release|Any CPU
		{97CF1A7D-9858-4552-8EBF-ADBD6FF68FFA}.Release|Any CPU.Build.0 = Release|Any CPU
		{73D82892-93D0-402C-B561-F25B5D1804B0}.Debug|Any CPU.ActiveCfg = Debug|Any CPU
		{73D82892-93D0-402C-B561-F25B5D1804B0}.Debug|Any CPU.Build.0 = Debug|Any CPU
		{73D82892-93D0-402C-B561-F25B5D1804B0}.Release|Any CPU.ActiveCfg = Release|Any CPU
		{73D82892-93D0-402C-B561-F25B5D1804B0}.Release|Any CPU.Build.0 = Release|Any CPU
		{11C99149-C563-4EA9-8B43-985554E2ABE7}.Debug|Any CPU.ActiveCfg = Debug|Any CPU
		{11C99149-C563-4EA9-8B43-985554E2ABE7}.Debug|Any CPU.Build.0 = Debug|Any CPU
		{11C99149-C563-4EA9-8B43-985554E2ABE7}.Release|Any CPU.ActiveCfg = Release|Any CPU
		{11C99149-C563-4EA9-8B43-985554E2ABE7}.Release|Any CPU.Build.0 = Release|Any CPU
		{09AC089B-878F-44F1-83C3-7889654C666E}.Debug|Any CPU.ActiveCfg = Debug|Any CPU
		{09AC089B-878F-44F1-83C3-7889654C666E}.Debug|Any CPU.Build.0 = Debug|Any CPU
		{09AC089B-878F-44F1-83C3-7889654C666E}.Release|Any CPU.ActiveCfg = Release|Any CPU
		{09AC089B-878F-44F1-83C3-7889654C666E}.Release|Any CPU.Build.0 = Release|Any CPU
		{0D5B9ADB-7EFE-44ED-BB73-FB232B74F17C}.Debug|Any CPU.ActiveCfg = Debug|Any CPU
		{0D5B9ADB-7EFE-44ED-BB73-FB232B74F17C}.Debug|Any CPU.Build.0 = Debug|Any CPU
		{0D5B9ADB-7EFE-44ED-BB73-FB232B74F17C}.Release|Any CPU.ActiveCfg = Release|Any CPU
		{0D5B9ADB-7EFE-44ED-BB73-FB232B74F17C}.Release|Any CPU.Build.0 = Release|Any CPU
		{9AEFCF2E-C8BC-42A7-A9AA-13CF6DEF8AA7}.Debug|Any CPU.ActiveCfg = Debug|Any CPU
		{9AEFCF2E-C8BC-42A7-A9AA-13CF6DEF8AA7}.Debug|Any CPU.Build.0 = Debug|Any CPU
		{9AEFCF2E-C8BC-42A7-A9AA-13CF6DEF8AA7}.Release|Any CPU.ActiveCfg = Release|Any CPU
		{9AEFCF2E-C8BC-42A7-A9AA-13CF6DEF8AA7}.Release|Any CPU.Build.0 = Release|Any CPU
		{BF9A36CD-ADBA-4065-9A2E-5C88CD4D8437}.Debug|Any CPU.ActiveCfg = Debug|Any CPU
		{BF9A36CD-ADBA-4065-9A2E-5C88CD4D8437}.Debug|Any CPU.Build.0 = Debug|Any CPU
		{BF9A36CD-ADBA-4065-9A2E-5C88CD4D8437}.Release|Any CPU.ActiveCfg = Release|Any CPU
		{BF9A36CD-ADBA-4065-9A2E-5C88CD4D8437}.Release|Any CPU.Build.0 = Release|Any CPU
		{BEF94C26-C273-4A14-825F-BB5FD1CB97C0}.Debug|Any CPU.ActiveCfg = Debug|Any CPU
		{BEF94C26-C273-4A14-825F-BB5FD1CB97C0}.Debug|Any CPU.Build.0 = Debug|Any CPU
		{BEF94C26-C273-4A14-825F-BB5FD1CB97C0}.Release|Any CPU.ActiveCfg = Release|Any CPU
		{BEF94C26-C273-4A14-825F-BB5FD1CB97C0}.Release|Any CPU.Build.0 = Release|Any CPU
		{76B55D47-C3AD-4C48-BFF7-28F4A2FC62CF}.Debug|Any CPU.ActiveCfg = Debug|Any CPU
		{76B55D47-C3AD-4C48-BFF7-28F4A2FC62CF}.Debug|Any CPU.Build.0 = Debug|Any CPU
		{76B55D47-C3AD-4C48-BFF7-28F4A2FC62CF}.Release|Any CPU.ActiveCfg = Release|Any CPU
		{76B55D47-C3AD-4C48-BFF7-28F4A2FC62CF}.Release|Any CPU.Build.0 = Release|Any CPU
		{A21CA003-4F6F-4701-9EB8-899B250FE7CC}.Debug|Any CPU.ActiveCfg = Debug|Any CPU
		{A21CA003-4F6F-4701-9EB8-899B250FE7CC}.Debug|Any CPU.Build.0 = Debug|Any CPU
		{A21CA003-4F6F-4701-9EB8-899B250FE7CC}.Release|Any CPU.ActiveCfg = Release|Any CPU
		{A21CA003-4F6F-4701-9EB8-899B250FE7CC}.Release|Any CPU.Build.0 = Release|Any CPU
		{FEB14F7F-7746-444B-A0F1-E5DE9992F7ED}.Debug|Any CPU.ActiveCfg = Debug|Any CPU
		{FEB14F7F-7746-444B-A0F1-E5DE9992F7ED}.Debug|Any CPU.Build.0 = Debug|Any CPU
		{FEB14F7F-7746-444B-A0F1-E5DE9992F7ED}.Release|Any CPU.ActiveCfg = Release|Any CPU
		{FEB14F7F-7746-444B-A0F1-E5DE9992F7ED}.Release|Any CPU.Build.0 = Release|Any CPU
	EndGlobalSection
	GlobalSection(SolutionConfigurationPlatforms) = preSolution
		Debug|Any CPU = Debug|Any CPU
		Release|Any CPU = Release|Any CPU
	EndGlobalSection
	GlobalSection(SolutionProperties) = preSolution
		HideSolutionNode  = FALSE
	EndGlobalSection
EndGlobal